// !$*UTF8*$!
{
	archiveVersion = 1;
	classes = {
	};
	objectVersion = 46;
	objects = {

/* Begin PBXBuildFile section */
		750A9D1A1D20E64D008501EF /* HashtagsTextView.swift in Sources */ = {isa = PBXBuildFile; fileRef = 750A9D191D20E64D008501EF /* HashtagsTextView.swift */; };
		750A9D1C1D20E8F8008501EF /* UIViewController+TabBarHidable.swift in Sources */ = {isa = PBXBuildFile; fileRef = 750A9D1B1D20E8F8008501EF /* UIViewController+TabBarHidable.swift */; };
		750DF2F51D0ECE8A002A95B6 /* ImaggaTag.swift in Sources */ = {isa = PBXBuildFile; fileRef = 750DF2F41D0ECE8A002A95B6 /* ImaggaTag.swift */; };
		7514BDEA1D03AB46004A2E20 /* FlickrTag.swift in Sources */ = {isa = PBXBuildFile; fileRef = 7514BDE91D03AB46004A2E20 /* FlickrTag.swift */; };
		7514BDEC1D03B56A004A2E20 /* MIApiClient.swift in Sources */ = {isa = PBXBuildFile; fileRef = 7514BDEB1D03B56A004A2E20 /* MIApiClient.swift */; };
		75388C9F1D22BB5400618D85 /* FlickrPersonInfo.swift in Sources */ = {isa = PBXBuildFile; fileRef = 75388C9E1D22BB5400618D85 /* FlickrPersonInfo.swift */; };
		7543E4081D0BF01800A14B10 /* ImageTaggerViewController.swift in Sources */ = {isa = PBXBuildFile; fileRef = 7543E4071D0BF01800A14B10 /* ImageTaggerViewController.swift */; };
		754532351D063F4000AEC34C /* TagListViewController.swift in Sources */ = {isa = PBXBuildFile; fileRef = 754532341D063F4000AEC34C /* TagListViewController.swift */; };
		754532411D0669D700AEC34C /* TagListViewController.xib in Resources */ = {isa = PBXBuildFile; fileRef = 7545323F1D0669D700AEC34C /* TagListViewController.xib */; };
		754532431D066EBE00AEC34C /* FlickrHotTagsViewController.swift in Sources */ = {isa = PBXBuildFile; fileRef = 754532421D066EBE00AEC34C /* FlickrHotTagsViewController.swift */; };
		754532451D0675E200AEC34C /* Alertable.swift in Sources */ = {isa = PBXBuildFile; fileRef = 754532441D0675E200AEC34C /* Alertable.swift */; };
		754C20421D041B7E00CA4B34 /* TagCollectionViewCell.swift in Sources */ = {isa = PBXBuildFile; fileRef = 754C20411D041B7E00CA4B34 /* TagCollectionViewCell.swift */; };
		754C20451D041F3D00CA4B34 /* CellReuseIdentifierable.swift in Sources */ = {isa = PBXBuildFile; fileRef = 754C20441D041F3D00CA4B34 /* CellReuseIdentifierable.swift */; };
		754C20471D0424AD00CA4B34 /* CaseCountable.swift in Sources */ = {isa = PBXBuildFile; fileRef = 754C20461D0424AD00CA4B34 /* CaseCountable.swift */; };
		754C204A1D043FE200CA4B34 /* SectionHeaderCollectionReusableView.swift in Sources */ = {isa = PBXBuildFile; fileRef = 754C20491D043FE200CA4B34 /* SectionHeaderCollectionReusableView.swift */; };
		754F1AFA1D024B9400410CA0 /* ApiClientResult.swift in Sources */ = {isa = PBXBuildFile; fileRef = 754F1AEF1D024B9400410CA0 /* ApiClientResult.swift */; };
		754F1AFC1D024B9400410CA0 /* FlickrApiClient.swift in Sources */ = {isa = PBXBuildFile; fileRef = 754F1AF11D024B9400410CA0 /* FlickrApiClient.swift */; };
		754F1AFD1D024B9400410CA0 /* FlickrConstants.swift in Sources */ = {isa = PBXBuildFile; fileRef = 754F1AF21D024B9400410CA0 /* FlickrConstants.swift */; };
		754F1AFE1D024B9400410CA0 /* GCDUtils.swift in Sources */ = {isa = PBXBuildFile; fileRef = 754F1AF31D024B9400410CA0 /* GCDUtils.swift */; };
		754F1AFF1D024B9400410CA0 /* HttpApiClient.swift in Sources */ = {isa = PBXBuildFile; fileRef = 754F1AF41D024B9400410CA0 /* HttpApiClient.swift */; };
		754F1B001D024B9400410CA0 /* HttpMethod.swift in Sources */ = {isa = PBXBuildFile; fileRef = 754F1AF51D024B9400410CA0 /* HttpMethod.swift */; };
		754F1B011D024B9400410CA0 /* JSON.swift in Sources */ = {isa = PBXBuildFile; fileRef = 754F1AF61D024B9400410CA0 /* JSON.swift */; };
		754F1B021D024B9400410CA0 /* JsonApiClient.swift in Sources */ = {isa = PBXBuildFile; fileRef = 754F1AF71D024B9400410CA0 /* JsonApiClient.swift */; };
		754F1B031D024B9400410CA0 /* JSONParselable.swift in Sources */ = {isa = PBXBuildFile; fileRef = 754F1AF81D024B9400410CA0 /* JSONParselable.swift */; };
		754F1B041D024B9400410CA0 /* UIUtils.swift in Sources */ = {isa = PBXBuildFile; fileRef = 754F1AF91D024B9400410CA0 /* UIUtils.swift */; };
		754F1B0B1D024CEA00410CA0 /* Constants.swift in Sources */ = {isa = PBXBuildFile; fileRef = 754F1B0A1D024CEA00410CA0 /* Constants.swift */; };
		754F1B0E1D025A0C00410CA0 /* FlickrApiClient+Endpoints.swift in Sources */ = {isa = PBXBuildFile; fileRef = 754F1B0D1D025A0C00410CA0 /* FlickrApiClient+Endpoints.swift */; };
		75523B561D0717BB00EBB0FC /* CountPickerViewController.swift in Sources */ = {isa = PBXBuildFile; fileRef = 75523B541D0717BB00EBB0FC /* CountPickerViewController.swift */; };
		75523B571D0717BB00EBB0FC /* CountPickerViewController.xib in Resources */ = {isa = PBXBuildFile; fileRef = 75523B551D0717BB00EBB0FC /* CountPickerViewController.xib */; };
		7552DF8E1D013A740032ECFA /* AppDelegate.swift in Sources */ = {isa = PBXBuildFile; fileRef = 7552DF8D1D013A740032ECFA /* AppDelegate.swift */; };
		7552DF931D013A740032ECFA /* Main.storyboard in Resources */ = {isa = PBXBuildFile; fileRef = 7552DF911D013A740032ECFA /* Main.storyboard */; };
		7552DF951D013A740032ECFA /* Assets.xcassets in Resources */ = {isa = PBXBuildFile; fileRef = 7552DF941D013A740032ECFA /* Assets.xcassets */; };
		7552DF981D013A740032ECFA /* LaunchScreen.storyboard in Resources */ = {isa = PBXBuildFile; fileRef = 7552DF961D013A740032ECFA /* LaunchScreen.storyboard */; };
		7552DFA31D013A750032ECFA /* TaggerTests.swift in Sources */ = {isa = PBXBuildFile; fileRef = 7552DFA21D013A750032ECFA /* TaggerTests.swift */; };
		7552DFAE1D013A750032ECFA /* TaggerUITests.swift in Sources */ = {isa = PBXBuildFile; fileRef = 7552DFAD1D013A750032ECFA /* TaggerUITests.swift */; };
		7552DFC21D0159F00032ECFA /* DiscoverTagsViewController.swift in Sources */ = {isa = PBXBuildFile; fileRef = 7552DFC11D0159F00032ECFA /* DiscoverTagsViewController.swift */; };
		7552DFC41D015A5D0032ECFA /* ImageTaggerDataSourceViewController.swift in Sources */ = {isa = PBXBuildFile; fileRef = 7552DFC31D015A5D0032ECFA /* ImageTaggerDataSourceViewController.swift */; };
		7552DFC81D015AAF0032ECFA /* MoreInfoTableViewController.swift in Sources */ = {isa = PBXBuildFile; fileRef = 7552DFC71D015AAF0032ECFA /* MoreInfoTableViewController.swift */; };
		755E38C51D0939580052BA48 /* RandomNumberUtils.swift in Sources */ = {isa = PBXBuildFile; fileRef = 755E38C41D0939580052BA48 /* RandomNumberUtils.swift */; };
		75658CF01D1D87700028409D /* Keychain.swift in Sources */ = {isa = PBXBuildFile; fileRef = 75658CEF1D1D87700028409D /* Keychain.swift */; };
		756F445F1D2279DE00736C49 /* FlickrUserAccountViewController.swift in Sources */ = {isa = PBXBuildFile; fileRef = 756F445E1D2279DE00736C49 /* FlickrUserAccountViewController.swift */; };
		756F44611D227FFD00736C49 /* ProfileImageView.swift in Sources */ = {isa = PBXBuildFile; fileRef = 756F44601D227FFD00736C49 /* ProfileImageView.swift */; };
		7571F3801D23950100402518 /* CoreDataStackManager.swift in Sources */ = {isa = PBXBuildFile; fileRef = 7571F37C1D23950100402518 /* CoreDataStackManager.swift */; };
		7571F3811D23950100402518 /* PathUtils.swift in Sources */ = {isa = PBXBuildFile; fileRef = 7571F37D1D23950100402518 /* PathUtils.swift */; };
		7571F3821D23950100402518 /* PersistenceCentral.swift in Sources */ = {isa = PBXBuildFile; fileRef = 7571F37E1D23950100402518 /* PersistenceCentral.swift */; };
		7571F3831D23950100402518 /* UUIDUtils.swift in Sources */ = {isa = PBXBuildFile; fileRef = 7571F37F1D23950100402518 /* UUIDUtils.swift */; };
		7571F3871D23953B00402518 /* Tagger.xcdatamodeld in Sources */ = {isa = PBXBuildFile; fileRef = 7571F3851D23953B00402518 /* Tagger.xcdatamodeld */; };
		7571F38D1D23965400402518 /* Tag.swift in Sources */ = {isa = PBXBuildFile; fileRef = 7571F3891D23965400402518 /* Tag.swift */; };
		7571F38F1D23965400402518 /* Category.swift in Sources */ = {isa = PBXBuildFile; fileRef = 7571F38B1D23965400402518 /* Category.swift */; };
		7571F3971D23BCD800402518 /* CategoryImage+CoreDataProperties.swift in Sources */ = {isa = PBXBuildFile; fileRef = 7571F3931D23BCD800402518 /* CategoryImage+CoreDataProperties.swift */; };
		7571F3981D23BCD800402518 /* CategoryImage.swift in Sources */ = {isa = PBXBuildFile; fileRef = 7571F3941D23BCD800402518 /* CategoryImage.swift */; };
		7571F39E1D23BD1300402518 /* Tag+CoreDataProperties.swift in Sources */ = {isa = PBXBuildFile; fileRef = 7571F39C1D23BD1300402518 /* Tag+CoreDataProperties.swift */; };
		7571F3A01D23C18900402518 /* Category+CoreDataProperties.swift in Sources */ = {isa = PBXBuildFile; fileRef = 7571F39F1D23C18900402518 /* Category+CoreDataProperties.swift */; };
		757262DF1D1E2261006DE902 /* MIFlickr.swift in Sources */ = {isa = PBXBuildFile; fileRef = 757262DE1D1E2261006DE902 /* MIFlickr.swift */; };
		757262E21D1E652E006DE902 /* FlickrCameraRollCollectionViewController.swift in Sources */ = {isa = PBXBuildFile; fileRef = 757262E11D1E652E006DE902 /* FlickrCameraRollCollectionViewController.swift */; };
		757262E41D1E6D9E006DE902 /* FlickrCameraRollCollectionViewCell.swift in Sources */ = {isa = PBXBuildFile; fileRef = 757262E31D1E6D9E006DE902 /* FlickrCameraRollCollectionViewCell.swift */; };
		75755C8B1D10FCA6007DE8B8 /* String+Encode.swift in Sources */ = {isa = PBXBuildFile; fileRef = 75755C8A1D10FCA6007DE8B8 /* String+Encode.swift */; };
		75755C8D1D10FD1D007DE8B8 /* String+HMACSHA1.swift in Sources */ = {isa = PBXBuildFile; fileRef = 75755C8C1D10FD1D007DE8B8 /* String+HMACSHA1.swift */; };
		75755C941D112BDD007DE8B8 /* FlickrOAuth.swift in Sources */ = {isa = PBXBuildFile; fileRef = 75755C931D112BDD007DE8B8 /* FlickrOAuth.swift */; };
		75755C971D1130F5007DE8B8 /* FlickrOAuthViewController.swift in Sources */ = {isa = PBXBuildFile; fileRef = 75755C951D1130F5007DE8B8 /* FlickrOAuthViewController.swift */; };
		7584F34B1D0DABD0008FE98C /* ImaggaApiClient.swift in Sources */ = {isa = PBXBuildFile; fileRef = 7584F34A1D0DABD0008FE98C /* ImaggaApiClient.swift */; };
		7584F34E1D0DAFFC008FE98C /* ImaggaApiClient+Endpoints.swift in Sources */ = {isa = PBXBuildFile; fileRef = 7584F34D1D0DAFFC008FE98C /* ImaggaApiClient+Endpoints.swift */; };
		7584F3501D0DCBFD008FE98C /* NSData+MimeType.swift in Sources */ = {isa = PBXBuildFile; fileRef = 7584F34F1D0DCBFD008FE98C /* NSData+MimeType.swift */; };
		7584F3531D0DCCFA008FE98C /* HttpApiClient+MultipartFormData.swift in Sources */ = {isa = PBXBuildFile; fileRef = 7584F3521D0DCCFA008FE98C /* HttpApiClient+MultipartFormData.swift */; };
		758EDB4C1D12CB8B00AE6A2B /* FlickrUser.swift in Sources */ = {isa = PBXBuildFile; fileRef = 758EDB4B1D12CB8B00AE6A2B /* FlickrUser.swift */; };
		758EDB4E1D12CC2B00AE6A2B /* FlickrOAuthResult.swift in Sources */ = {isa = PBXBuildFile; fileRef = 758EDB4D1D12CC2B00AE6A2B /* FlickrOAuthResult.swift */; };
		75991D781D0BC3DE00870189 /* MIImagePickerController.swift in Sources */ = {isa = PBXBuildFile; fileRef = 75991D771D0BC3DE00870189 /* MIImagePickerController.swift */; };
		75A190A21D09B1BD00D34D0B /* HttpApiClient+Convenience.swift in Sources */ = {isa = PBXBuildFile; fileRef = 75A190A11D09B1BD00D34D0B /* HttpApiClient+Convenience.swift */; };
		75AA9CD31D2217E500DEB55D /* PasteboardUtils.swift in Sources */ = {isa = PBXBuildFile; fileRef = 75AA9CD21D2217E500DEB55D /* PasteboardUtils.swift */; };
		75AA9CD51D22220600DEB55D /* URLSchemesUtils.swift in Sources */ = {isa = PBXBuildFile; fileRef = 75AA9CD41D22220600DEB55D /* URLSchemesUtils.swift */; };
		75D40D171D083DC100E3AB1F /* FlickrAlbum.swift in Sources */ = {isa = PBXBuildFile; fileRef = 75D40D161D083DC100E3AB1F /* FlickrAlbum.swift */; };
		75D40D191D083DF900E3AB1F /* FlickrPhoto.swift in Sources */ = {isa = PBXBuildFile; fileRef = 75D40D181D083DF900E3AB1F /* FlickrPhoto.swift */; };
		75E057391D0FC93700B3A258 /* ImaggaConstants.swift in Sources */ = {isa = PBXBuildFile; fileRef = 75E057381D0FC93700B3A258 /* ImaggaConstants.swift */; };
		75E0573D1D100D5300B3A258 /* FlickrRelatedTagsViewController.swift in Sources */ = {isa = PBXBuildFile; fileRef = 75E0573C1D100D5300B3A258 /* FlickrRelatedTagsViewController.swift */; };
		75FBA1FD1D21316E006EC31D /* TagListViewControllerUIState.swift in Sources */ = {isa = PBXBuildFile; fileRef = 75FBA1FC1D21316E006EC31D /* TagListViewControllerUIState.swift */; };
/* End PBXBuildFile section */

/* Begin PBXContainerItemProxy section */
		7552DF9F1D013A750032ECFA /* PBXContainerItemProxy */ = {
			isa = PBXContainerItemProxy;
			containerPortal = 7552DF821D013A740032ECFA /* Project object */;
			proxyType = 1;
			remoteGlobalIDString = 7552DF891D013A740032ECFA;
			remoteInfo = Tagger;
		};
		7552DFAA1D013A750032ECFA /* PBXContainerItemProxy */ = {
			isa = PBXContainerItemProxy;
			containerPortal = 7552DF821D013A740032ECFA /* Project object */;
			proxyType = 1;
			remoteGlobalIDString = 7552DF891D013A740032ECFA;
			remoteInfo = Tagger;
		};
/* End PBXContainerItemProxy section */

/* Begin PBXFileReference section */
		750A9D191D20E64D008501EF /* HashtagsTextView.swift */ = {isa = PBXFileReference; fileEncoding = 4; lastKnownFileType = sourcecode.swift; path = HashtagsTextView.swift; sourceTree = "<group>"; };
		750A9D1B1D20E8F8008501EF /* UIViewController+TabBarHidable.swift */ = {isa = PBXFileReference; fileEncoding = 4; lastKnownFileType = sourcecode.swift; path = "UIViewController+TabBarHidable.swift"; sourceTree = "<group>"; };
		750DF2F41D0ECE8A002A95B6 /* ImaggaTag.swift */ = {isa = PBXFileReference; fileEncoding = 4; lastKnownFileType = sourcecode.swift; path = ImaggaTag.swift; sourceTree = "<group>"; };
		7514BDE91D03AB46004A2E20 /* FlickrTag.swift */ = {isa = PBXFileReference; fileEncoding = 4; lastKnownFileType = sourcecode.swift; path = FlickrTag.swift; sourceTree = "<group>"; };
		7514BDEB1D03B56A004A2E20 /* MIApiClient.swift */ = {isa = PBXFileReference; fileEncoding = 4; lastKnownFileType = sourcecode.swift; path = MIApiClient.swift; sourceTree = "<group>"; };
		75388C9E1D22BB5400618D85 /* FlickrPersonInfo.swift */ = {isa = PBXFileReference; fileEncoding = 4; lastKnownFileType = sourcecode.swift; path = FlickrPersonInfo.swift; sourceTree = "<group>"; };
		7543E4071D0BF01800A14B10 /* ImageTaggerViewController.swift */ = {isa = PBXFileReference; fileEncoding = 4; lastKnownFileType = sourcecode.swift; path = ImageTaggerViewController.swift; sourceTree = "<group>"; };
		754532341D063F4000AEC34C /* TagListViewController.swift */ = {isa = PBXFileReference; fileEncoding = 4; lastKnownFileType = sourcecode.swift; path = TagListViewController.swift; sourceTree = "<group>"; };
		7545323F1D0669D700AEC34C /* TagListViewController.xib */ = {isa = PBXFileReference; fileEncoding = 4; lastKnownFileType = file.xib; path = TagListViewController.xib; sourceTree = "<group>"; };
		754532421D066EBE00AEC34C /* FlickrHotTagsViewController.swift */ = {isa = PBXFileReference; fileEncoding = 4; lastKnownFileType = sourcecode.swift; path = FlickrHotTagsViewController.swift; sourceTree = "<group>"; };
		754532441D0675E200AEC34C /* Alertable.swift */ = {isa = PBXFileReference; fileEncoding = 4; lastKnownFileType = sourcecode.swift; path = Alertable.swift; sourceTree = "<group>"; };
		754C20411D041B7E00CA4B34 /* TagCollectionViewCell.swift */ = {isa = PBXFileReference; fileEncoding = 4; lastKnownFileType = sourcecode.swift; path = TagCollectionViewCell.swift; sourceTree = "<group>"; };
		754C20441D041F3D00CA4B34 /* CellReuseIdentifierable.swift */ = {isa = PBXFileReference; fileEncoding = 4; lastKnownFileType = sourcecode.swift; path = CellReuseIdentifierable.swift; sourceTree = "<group>"; };
		754C20461D0424AD00CA4B34 /* CaseCountable.swift */ = {isa = PBXFileReference; fileEncoding = 4; lastKnownFileType = sourcecode.swift; path = CaseCountable.swift; sourceTree = "<group>"; };
		754C20491D043FE200CA4B34 /* SectionHeaderCollectionReusableView.swift */ = {isa = PBXFileReference; fileEncoding = 4; lastKnownFileType = sourcecode.swift; path = SectionHeaderCollectionReusableView.swift; sourceTree = "<group>"; };
		754F1AEF1D024B9400410CA0 /* ApiClientResult.swift */ = {isa = PBXFileReference; fileEncoding = 4; lastKnownFileType = sourcecode.swift; path = ApiClientResult.swift; sourceTree = "<group>"; };
		754F1AF11D024B9400410CA0 /* FlickrApiClient.swift */ = {isa = PBXFileReference; fileEncoding = 4; lastKnownFileType = sourcecode.swift; path = FlickrApiClient.swift; sourceTree = "<group>"; };
		754F1AF21D024B9400410CA0 /* FlickrConstants.swift */ = {isa = PBXFileReference; fileEncoding = 4; lastKnownFileType = sourcecode.swift; path = FlickrConstants.swift; sourceTree = "<group>"; };
		754F1AF31D024B9400410CA0 /* GCDUtils.swift */ = {isa = PBXFileReference; fileEncoding = 4; lastKnownFileType = sourcecode.swift; path = GCDUtils.swift; sourceTree = "<group>"; };
		754F1AF41D024B9400410CA0 /* HttpApiClient.swift */ = {isa = PBXFileReference; fileEncoding = 4; lastKnownFileType = sourcecode.swift; path = HttpApiClient.swift; sourceTree = "<group>"; };
		754F1AF51D024B9400410CA0 /* HttpMethod.swift */ = {isa = PBXFileReference; fileEncoding = 4; lastKnownFileType = sourcecode.swift; path = HttpMethod.swift; sourceTree = "<group>"; };
		754F1AF61D024B9400410CA0 /* JSON.swift */ = {isa = PBXFileReference; fileEncoding = 4; lastKnownFileType = sourcecode.swift; path = JSON.swift; sourceTree = "<group>"; };
		754F1AF71D024B9400410CA0 /* JsonApiClient.swift */ = {isa = PBXFileReference; fileEncoding = 4; lastKnownFileType = sourcecode.swift; path = JsonApiClient.swift; sourceTree = "<group>"; };
		754F1AF81D024B9400410CA0 /* JSONParselable.swift */ = {isa = PBXFileReference; fileEncoding = 4; lastKnownFileType = sourcecode.swift; path = JSONParselable.swift; sourceTree = "<group>"; };
		754F1AF91D024B9400410CA0 /* UIUtils.swift */ = {isa = PBXFileReference; fileEncoding = 4; lastKnownFileType = sourcecode.swift; path = UIUtils.swift; sourceTree = "<group>"; };
		754F1B0A1D024CEA00410CA0 /* Constants.swift */ = {isa = PBXFileReference; fileEncoding = 4; lastKnownFileType = sourcecode.swift; path = Constants.swift; sourceTree = "<group>"; };
		754F1B0D1D025A0C00410CA0 /* FlickrApiClient+Endpoints.swift */ = {isa = PBXFileReference; fileEncoding = 4; lastKnownFileType = sourcecode.swift; path = "FlickrApiClient+Endpoints.swift"; sourceTree = "<group>"; };
		75523B541D0717BB00EBB0FC /* CountPickerViewController.swift */ = {isa = PBXFileReference; fileEncoding = 4; lastKnownFileType = sourcecode.swift; path = CountPickerViewController.swift; sourceTree = "<group>"; };
		75523B551D0717BB00EBB0FC /* CountPickerViewController.xib */ = {isa = PBXFileReference; fileEncoding = 4; lastKnownFileType = file.xib; path = CountPickerViewController.xib; sourceTree = "<group>"; };
		7552DF8A1D013A740032ECFA /* Tagger.app */ = {isa = PBXFileReference; explicitFileType = wrapper.application; includeInIndex = 0; path = Tagger.app; sourceTree = BUILT_PRODUCTS_DIR; };
		7552DF8D1D013A740032ECFA /* AppDelegate.swift */ = {isa = PBXFileReference; lastKnownFileType = sourcecode.swift; path = AppDelegate.swift; sourceTree = "<group>"; };
		7552DF921D013A740032ECFA /* Base */ = {isa = PBXFileReference; lastKnownFileType = file.storyboard; name = Base; path = Base.lproj/Main.storyboard; sourceTree = "<group>"; };
		7552DF941D013A740032ECFA /* Assets.xcassets */ = {isa = PBXFileReference; lastKnownFileType = folder.assetcatalog; path = Assets.xcassets; sourceTree = "<group>"; };
		7552DF971D013A740032ECFA /* Base */ = {isa = PBXFileReference; lastKnownFileType = file.storyboard; name = Base; path = Base.lproj/LaunchScreen.storyboard; sourceTree = "<group>"; };
		7552DF991D013A740032ECFA /* Info.plist */ = {isa = PBXFileReference; lastKnownFileType = text.plist.xml; path = Info.plist; sourceTree = "<group>"; };
		7552DF9E1D013A750032ECFA /* TaggerTests.xctest */ = {isa = PBXFileReference; explicitFileType = wrapper.cfbundle; includeInIndex = 0; path = TaggerTests.xctest; sourceTree = BUILT_PRODUCTS_DIR; };
		7552DFA21D013A750032ECFA /* TaggerTests.swift */ = {isa = PBXFileReference; lastKnownFileType = sourcecode.swift; path = TaggerTests.swift; sourceTree = "<group>"; };
		7552DFA41D013A750032ECFA /* Info.plist */ = {isa = PBXFileReference; lastKnownFileType = text.plist.xml; path = Info.plist; sourceTree = "<group>"; };
		7552DFA91D013A750032ECFA /* TaggerUITests.xctest */ = {isa = PBXFileReference; explicitFileType = wrapper.cfbundle; includeInIndex = 0; path = TaggerUITests.xctest; sourceTree = BUILT_PRODUCTS_DIR; };
		7552DFAD1D013A750032ECFA /* TaggerUITests.swift */ = {isa = PBXFileReference; lastKnownFileType = sourcecode.swift; path = TaggerUITests.swift; sourceTree = "<group>"; };
		7552DFAF1D013A750032ECFA /* Info.plist */ = {isa = PBXFileReference; lastKnownFileType = text.plist.xml; path = Info.plist; sourceTree = "<group>"; };
		7552DFC11D0159F00032ECFA /* DiscoverTagsViewController.swift */ = {isa = PBXFileReference; fileEncoding = 4; lastKnownFileType = sourcecode.swift; path = DiscoverTagsViewController.swift; sourceTree = "<group>"; };
		7552DFC31D015A5D0032ECFA /* ImageTaggerDataSourceViewController.swift */ = {isa = PBXFileReference; fileEncoding = 4; lastKnownFileType = sourcecode.swift; path = ImageTaggerDataSourceViewController.swift; sourceTree = "<group>"; };
		7552DFC71D015AAF0032ECFA /* MoreInfoTableViewController.swift */ = {isa = PBXFileReference; fileEncoding = 4; lastKnownFileType = sourcecode.swift; path = MoreInfoTableViewController.swift; sourceTree = "<group>"; };
		755E38C41D0939580052BA48 /* RandomNumberUtils.swift */ = {isa = PBXFileReference; fileEncoding = 4; lastKnownFileType = sourcecode.swift; path = RandomNumberUtils.swift; sourceTree = "<group>"; };
		75658CEF1D1D87700028409D /* Keychain.swift */ = {isa = PBXFileReference; fileEncoding = 4; lastKnownFileType = sourcecode.swift; path = Keychain.swift; sourceTree = "<group>"; };
		756F445E1D2279DE00736C49 /* FlickrUserAccountViewController.swift */ = {isa = PBXFileReference; fileEncoding = 4; lastKnownFileType = sourcecode.swift; path = FlickrUserAccountViewController.swift; sourceTree = "<group>"; };
		756F44601D227FFD00736C49 /* ProfileImageView.swift */ = {isa = PBXFileReference; fileEncoding = 4; lastKnownFileType = sourcecode.swift; path = ProfileImageView.swift; sourceTree = "<group>"; };
		7571F37C1D23950100402518 /* CoreDataStackManager.swift */ = {isa = PBXFileReference; fileEncoding = 4; lastKnownFileType = sourcecode.swift; path = CoreDataStackManager.swift; sourceTree = "<group>"; };
		7571F37D1D23950100402518 /* PathUtils.swift */ = {isa = PBXFileReference; fileEncoding = 4; lastKnownFileType = sourcecode.swift; path = PathUtils.swift; sourceTree = "<group>"; };
		7571F37E1D23950100402518 /* PersistenceCentral.swift */ = {isa = PBXFileReference; fileEncoding = 4; lastKnownFileType = sourcecode.swift; path = PersistenceCentral.swift; sourceTree = "<group>"; };
		7571F37F1D23950100402518 /* UUIDUtils.swift */ = {isa = PBXFileReference; fileEncoding = 4; lastKnownFileType = sourcecode.swift; path = UUIDUtils.swift; sourceTree = "<group>"; };
		7571F3861D23953B00402518 /* Tagger.xcdatamodel */ = {isa = PBXFileReference; lastKnownFileType = wrapper.xcdatamodel; path = Tagger.xcdatamodel; sourceTree = "<group>"; };
		7571F3891D23965400402518 /* Tag.swift */ = {isa = PBXFileReference; fileEncoding = 4; lastKnownFileType = sourcecode.swift; path = Tag.swift; sourceTree = "<group>"; };
		7571F38B1D23965400402518 /* Category.swift */ = {isa = PBXFileReference; fileEncoding = 4; lastKnownFileType = sourcecode.swift; path = Category.swift; sourceTree = "<group>"; };
		7571F3931D23BCD800402518 /* CategoryImage+CoreDataProperties.swift */ = {isa = PBXFileReference; fileEncoding = 4; lastKnownFileType = sourcecode.swift; path = "CategoryImage+CoreDataProperties.swift"; sourceTree = "<group>"; };
		7571F3941D23BCD800402518 /* CategoryImage.swift */ = {isa = PBXFileReference; fileEncoding = 4; lastKnownFileType = sourcecode.swift; path = CategoryImage.swift; sourceTree = "<group>"; };
		7571F39C1D23BD1300402518 /* Tag+CoreDataProperties.swift */ = {isa = PBXFileReference; fileEncoding = 4; lastKnownFileType = sourcecode.swift; path = "Tag+CoreDataProperties.swift"; sourceTree = "<group>"; };
		7571F39F1D23C18900402518 /* Category+CoreDataProperties.swift */ = {isa = PBXFileReference; fileEncoding = 4; lastKnownFileType = sourcecode.swift; path = "Category+CoreDataProperties.swift"; sourceTree = "<group>"; };
		757262DE1D1E2261006DE902 /* MIFlickr.swift */ = {isa = PBXFileReference; fileEncoding = 4; lastKnownFileType = sourcecode.swift; path = MIFlickr.swift; sourceTree = "<group>"; };
		757262E11D1E652E006DE902 /* FlickrCameraRollCollectionViewController.swift */ = {isa = PBXFileReference; fileEncoding = 4; lastKnownFileType = sourcecode.swift; path = FlickrCameraRollCollectionViewController.swift; sourceTree = "<group>"; };
		757262E31D1E6D9E006DE902 /* FlickrCameraRollCollectionViewCell.swift */ = {isa = PBXFileReference; fileEncoding = 4; lastKnownFileType = sourcecode.swift; path = FlickrCameraRollCollectionViewCell.swift; sourceTree = "<group>"; };
		75755C8A1D10FCA6007DE8B8 /* String+Encode.swift */ = {isa = PBXFileReference; fileEncoding = 4; lastKnownFileType = sourcecode.swift; path = "String+Encode.swift"; sourceTree = "<group>"; };
		75755C8C1D10FD1D007DE8B8 /* String+HMACSHA1.swift */ = {isa = PBXFileReference; fileEncoding = 4; lastKnownFileType = sourcecode.swift; path = "String+HMACSHA1.swift"; sourceTree = "<group>"; };
		75755C8E1D10FD83007DE8B8 /* Tagger-Bridging-Header.h */ = {isa = PBXFileReference; lastKnownFileType = sourcecode.c.h; path = "Tagger-Bridging-Header.h"; sourceTree = "<group>"; };
		75755C931D112BDD007DE8B8 /* FlickrOAuth.swift */ = {isa = PBXFileReference; fileEncoding = 4; lastKnownFileType = sourcecode.swift; path = FlickrOAuth.swift; sourceTree = "<group>"; };
		75755C951D1130F5007DE8B8 /* FlickrOAuthViewController.swift */ = {isa = PBXFileReference; fileEncoding = 4; lastKnownFileType = sourcecode.swift; path = FlickrOAuthViewController.swift; sourceTree = "<group>"; };
		7584F34A1D0DABD0008FE98C /* ImaggaApiClient.swift */ = {isa = PBXFileReference; fileEncoding = 4; lastKnownFileType = sourcecode.swift; path = ImaggaApiClient.swift; sourceTree = "<group>"; };
		7584F34D1D0DAFFC008FE98C /* ImaggaApiClient+Endpoints.swift */ = {isa = PBXFileReference; fileEncoding = 4; lastKnownFileType = sourcecode.swift; path = "ImaggaApiClient+Endpoints.swift"; sourceTree = "<group>"; };
		7584F34F1D0DCBFD008FE98C /* NSData+MimeType.swift */ = {isa = PBXFileReference; fileEncoding = 4; lastKnownFileType = sourcecode.swift; path = "NSData+MimeType.swift"; sourceTree = "<group>"; };
		7584F3521D0DCCFA008FE98C /* HttpApiClient+MultipartFormData.swift */ = {isa = PBXFileReference; fileEncoding = 4; lastKnownFileType = sourcecode.swift; path = "HttpApiClient+MultipartFormData.swift"; sourceTree = "<group>"; };
		758EDB4B1D12CB8B00AE6A2B /* FlickrUser.swift */ = {isa = PBXFileReference; fileEncoding = 4; lastKnownFileType = sourcecode.swift; path = FlickrUser.swift; sourceTree = "<group>"; };
		758EDB4D1D12CC2B00AE6A2B /* FlickrOAuthResult.swift */ = {isa = PBXFileReference; fileEncoding = 4; lastKnownFileType = sourcecode.swift; path = FlickrOAuthResult.swift; sourceTree = "<group>"; };
		75991D771D0BC3DE00870189 /* MIImagePickerController.swift */ = {isa = PBXFileReference; fileEncoding = 4; lastKnownFileType = sourcecode.swift; path = MIImagePickerController.swift; sourceTree = "<group>"; };
		75A190A11D09B1BD00D34D0B /* HttpApiClient+Convenience.swift */ = {isa = PBXFileReference; fileEncoding = 4; lastKnownFileType = sourcecode.swift; path = "HttpApiClient+Convenience.swift"; sourceTree = "<group>"; };
		75AA9CD21D2217E500DEB55D /* PasteboardUtils.swift */ = {isa = PBXFileReference; fileEncoding = 4; lastKnownFileType = sourcecode.swift; path = PasteboardUtils.swift; sourceTree = "<group>"; };
		75AA9CD41D22220600DEB55D /* URLSchemesUtils.swift */ = {isa = PBXFileReference; fileEncoding = 4; lastKnownFileType = sourcecode.swift; path = URLSchemesUtils.swift; sourceTree = "<group>"; };
		75D40D161D083DC100E3AB1F /* FlickrAlbum.swift */ = {isa = PBXFileReference; fileEncoding = 4; lastKnownFileType = sourcecode.swift; path = FlickrAlbum.swift; sourceTree = "<group>"; };
		75D40D181D083DF900E3AB1F /* FlickrPhoto.swift */ = {isa = PBXFileReference; fileEncoding = 4; lastKnownFileType = sourcecode.swift; path = FlickrPhoto.swift; sourceTree = "<group>"; };
		75E057381D0FC93700B3A258 /* ImaggaConstants.swift */ = {isa = PBXFileReference; fileEncoding = 4; lastKnownFileType = sourcecode.swift; path = ImaggaConstants.swift; sourceTree = "<group>"; };
		75E0573C1D100D5300B3A258 /* FlickrRelatedTagsViewController.swift */ = {isa = PBXFileReference; fileEncoding = 4; lastKnownFileType = sourcecode.swift; path = FlickrRelatedTagsViewController.swift; sourceTree = "<group>"; };
		75FBA1FC1D21316E006EC31D /* TagListViewControllerUIState.swift */ = {isa = PBXFileReference; fileEncoding = 4; lastKnownFileType = sourcecode.swift; path = TagListViewControllerUIState.swift; sourceTree = "<group>"; };
/* End PBXFileReference section */

/* Begin PBXFrameworksBuildPhase section */
		7552DF871D013A740032ECFA /* Frameworks */ = {
			isa = PBXFrameworksBuildPhase;
			buildActionMask = 2147483647;
			files = (
			);
			runOnlyForDeploymentPostprocessing = 0;
		};
		7552DF9B1D013A750032ECFA /* Frameworks */ = {
			isa = PBXFrameworksBuildPhase;
			buildActionMask = 2147483647;
			files = (
			);
			runOnlyForDeploymentPostprocessing = 0;
		};
		7552DFA61D013A750032ECFA /* Frameworks */ = {
			isa = PBXFrameworksBuildPhase;
			buildActionMask = 2147483647;
			files = (
			);
			runOnlyForDeploymentPostprocessing = 0;
		};
/* End PBXFrameworksBuildPhase section */

/* Begin PBXGroup section */
		750DF2F31D0ECE73002A95B6 /* Flickr */ = {
			isa = PBXGroup;
			children = (
				7514BDE91D03AB46004A2E20 /* FlickrTag.swift */,
				75D40D161D083DC100E3AB1F /* FlickrAlbum.swift */,
				75D40D181D083DF900E3AB1F /* FlickrPhoto.swift */,
				758EDB4B1D12CB8B00AE6A2B /* FlickrUser.swift */,
				75388C9E1D22BB5400618D85 /* FlickrPersonInfo.swift */,
			);
			name = Flickr;
			sourceTree = "<group>";
		};
		750DF2F61D0ECE90002A95B6 /* Imagga */ = {
			isa = PBXGroup;
			children = (
				750DF2F41D0ECE8A002A95B6 /* ImaggaTag.swift */,
			);
			name = Imagga;
			sourceTree = "<group>";
		};
		754C20431D041B8500CA4B34 /* View */ = {
			isa = PBXGroup;
			children = (
				754C20411D041B7E00CA4B34 /* TagCollectionViewCell.swift */,
				754C20491D043FE200CA4B34 /* SectionHeaderCollectionReusableView.swift */,
				757262E31D1E6D9E006DE902 /* FlickrCameraRollCollectionViewCell.swift */,
				750A9D191D20E64D008501EF /* HashtagsTextView.swift */,
				756F44601D227FFD00736C49 /* ProfileImageView.swift */,
			);
			name = View;
			sourceTree = "<group>";
		};
		754C20481D0425BE00CA4B34 /* Protocols */ = {
			isa = PBXGroup;
			children = (
				754C20441D041F3D00CA4B34 /* CellReuseIdentifierable.swift */,
				754C20461D0424AD00CA4B34 /* CaseCountable.swift */,
				754532441D0675E200AEC34C /* Alertable.swift */,
			);
			name = Protocols;
			sourceTree = "<group>";
		};
		754F1B051D024BA300410CA0 /* API */ = {
			isa = PBXGroup;
			children = (
				754F1AF51D024B9400410CA0 /* HttpMethod.swift */,
				754F1B061D024BD400410CA0 /* Clients */,
			);
			name = API;
			sourceTree = "<group>";
		};
		754F1B061D024BD400410CA0 /* Clients */ = {
			isa = PBXGroup;
			children = (
				7584F3541D0DD0C9008FE98C /* Base */,
				754F1B071D024BDE00410CA0 /* Flickr */,
				7584F34C1D0DABDC008FE98C /* Imagga */,
			);
			name = Clients;
			sourceTree = "<group>";
		};
		754F1B071D024BDE00410CA0 /* Flickr */ = {
			isa = PBXGroup;
			children = (
				757262DE1D1E2261006DE902 /* MIFlickr.swift */,
				754F1AF21D024B9400410CA0 /* FlickrConstants.swift */,
				757262E01D1E2374006DE902 /* API */,
				758EDB4A1D12CB6700AE6A2B /* OAuth */,
			);
			name = Flickr;
			sourceTree = "<group>";
		};
		754F1B081D024BFA00410CA0 /* Utils */ = {
			isa = PBXGroup;
			children = (
				754F1AF91D024B9400410CA0 /* UIUtils.swift */,
				755E38C41D0939580052BA48 /* RandomNumberUtils.swift */,
				754F1AF31D024B9400410CA0 /* GCDUtils.swift */,
				75AA9CD21D2217E500DEB55D /* PasteboardUtils.swift */,
				75AA9CD41D22220600DEB55D /* URLSchemesUtils.swift */,
				7571F37D1D23950100402518 /* PathUtils.swift */,
				7571F37F1D23950100402518 /* UUIDUtils.swift */,
			);
			name = Utils;
			sourceTree = "<group>";
		};
		754F1B091D024C2400410CA0 /* Model */ = {
			isa = PBXGroup;
			children = (
				7571F3841D23951C00402518 /* CoreData */,
				750DF2F31D0ECE73002A95B6 /* Flickr */,
				750DF2F61D0ECE90002A95B6 /* Imagga */,
				754F1B0C1D02589100410CA0 /* JSON */,
			);
			name = Model;
			sourceTree = "<group>";
		};
		754F1B0C1D02589100410CA0 /* JSON */ = {
			isa = PBXGroup;
			children = (
				754F1AF61D024B9400410CA0 /* JSON.swift */,
				754F1AF81D024B9400410CA0 /* JSONParselable.swift */,
			);
			name = JSON;
			sourceTree = "<group>";
		};
		7552DF811D013A740032ECFA = {
			isa = PBXGroup;
			children = (
				7552DF8C1D013A740032ECFA /* Tagger */,
				7552DFA11D013A750032ECFA /* TaggerTests */,
				7552DFAC1D013A750032ECFA /* TaggerUITests */,
				7552DF8B1D013A740032ECFA /* Products */,
			);
			sourceTree = "<group>";
		};
		7552DF8B1D013A740032ECFA /* Products */ = {
			isa = PBXGroup;
			children = (
				7552DF8A1D013A740032ECFA /* Tagger.app */,
				7552DF9E1D013A750032ECFA /* TaggerTests.xctest */,
				7552DFA91D013A750032ECFA /* TaggerUITests.xctest */,
			);
			name = Products;
			sourceTree = "<group>";
		};
		7552DF8C1D013A740032ECFA /* Tagger */ = {
			isa = PBXGroup;
			children = (
				7552DF8D1D013A740032ECFA /* AppDelegate.swift */,
				754F1B0A1D024CEA00410CA0 /* Constants.swift */,
				754F1B051D024BA300410CA0 /* API */,
				754F1B091D024C2400410CA0 /* Model */,
				7552DFBC1D013B210032ECFA /* UI */,
				754C20481D0425BE00CA4B34 /* Protocols */,
				7584F3511D0DCC04008FE98C /* Extensions */,
				754F1B081D024BFA00410CA0 /* Utils */,
				75658CEE1D1D1E530028409D /* ThirdParty */,
				7552DFBB1D013B0C0032ECFA /* SupportingFiles */,
			);
			path = Tagger;
			sourceTree = "<group>";
		};
		7552DFA11D013A750032ECFA /* TaggerTests */ = {
			isa = PBXGroup;
			children = (
				7552DFA21D013A750032ECFA /* TaggerTests.swift */,
				7552DFA41D013A750032ECFA /* Info.plist */,
			);
			path = TaggerTests;
			sourceTree = "<group>";
		};
		7552DFAC1D013A750032ECFA /* TaggerUITests */ = {
			isa = PBXGroup;
			children = (
				7552DFAD1D013A750032ECFA /* TaggerUITests.swift */,
				7552DFAF1D013A750032ECFA /* Info.plist */,
			);
			path = TaggerUITests;
			sourceTree = "<group>";
		};
		7552DFBB1D013B0C0032ECFA /* SupportingFiles */ = {
			isa = PBXGroup;
			children = (
				7552DF991D013A740032ECFA /* Info.plist */,
				75755C8E1D10FD83007DE8B8 /* Tagger-Bridging-Header.h */,
			);
			name = SupportingFiles;
			sourceTree = "<group>";
		};
		7552DFBC1D013B210032ECFA /* UI */ = {
			isa = PBXGroup;
			children = (
				7552DFBD1D013B2D0032ECFA /* ViewControllers */,
				7552DFBE1D013B3D0032ECFA /* Assets */,
				754C20431D041B8500CA4B34 /* View */,
			);
			name = UI;
			sourceTree = "<group>";
		};
		7552DFBD1D013B2D0032ECFA /* ViewControllers */ = {
			isa = PBXGroup;
			children = (
				75FBA1FE1D213187006EC31D /* TagListViewController */,
				757262E51D1E7793006DE902 /* Flickr */,
				7552DFC11D0159F00032ECFA /* DiscoverTagsViewController.swift */,
				75523B541D0717BB00EBB0FC /* CountPickerViewController.swift */,
				7552DFC31D015A5D0032ECFA /* ImageTaggerDataSourceViewController.swift */,
				75991D771D0BC3DE00870189 /* MIImagePickerController.swift */,
				7543E4071D0BF01800A14B10 /* ImageTaggerViewController.swift */,
				7552DFC71D015AAF0032ECFA /* MoreInfoTableViewController.swift */,
			);
			name = ViewControllers;
			sourceTree = "<group>";
		};
		7552DFBE1D013B3D0032ECFA /* Assets */ = {
			isa = PBXGroup;
			children = (
				7552DF911D013A740032ECFA /* Main.storyboard */,
				7552DF961D013A740032ECFA /* LaunchScreen.storyboard */,
				7552DF941D013A740032ECFA /* Assets.xcassets */,
				7545323F1D0669D700AEC34C /* TagListViewController.xib */,
				75523B551D0717BB00EBB0FC /* CountPickerViewController.xib */,
			);
			name = Assets;
			sourceTree = "<group>";
		};
		75658CED1D1D1E3C0028409D /* Keychain */ = {
			isa = PBXGroup;
			children = (
				75658CEF1D1D87700028409D /* Keychain.swift */,
			);
			name = Keychain;
			sourceTree = "<group>";
		};
		75658CEE1D1D1E530028409D /* ThirdParty */ = {
			isa = PBXGroup;
			children = (
				75658CED1D1D1E3C0028409D /* Keychain */,
			);
			name = ThirdParty;
			sourceTree = "<group>";
		};
		7571F3841D23951C00402518 /* CoreData */ = {
			isa = PBXGroup;
			children = (
				7571F37E1D23950100402518 /* PersistenceCentral.swift */,
				7571F37C1D23950100402518 /* CoreDataStackManager.swift */,
				7571F3851D23953B00402518 /* Tagger.xcdatamodeld */,
				7571F3901D23B8DB00402518 /* Category */,
				7571F3911D23B8E400402518 /* Tag */,
			);
			name = CoreData;
			sourceTree = "<group>";
		};
		7571F3901D23B8DB00402518 /* Category */ = {
			isa = PBXGroup;
			children = (
				7571F38B1D23965400402518 /* Category.swift */,
				7571F39F1D23C18900402518 /* Category+CoreDataProperties.swift */,
				7571F39A1D23BD0000402518 /* Image */,
			);
			name = Category;
			sourceTree = "<group>";
		};
		7571F3911D23B8E400402518 /* Tag */ = {
			isa = PBXGroup;
			children = (
				7571F3891D23965400402518 /* Tag.swift */,
				7571F39C1D23BD1300402518 /* Tag+CoreDataProperties.swift */,
			);
			name = Tag;
			sourceTree = "<group>";
		};
		7571F39A1D23BD0000402518 /* Image */ = {
			isa = PBXGroup;
			children = (
				7571F3941D23BCD800402518 /* CategoryImage.swift */,
				7571F3931D23BCD800402518 /* CategoryImage+CoreDataProperties.swift */,
			);
			name = Image;
			sourceTree = "<group>";
		};
		757262E01D1E2374006DE902 /* API */ = {
			isa = PBXGroup;
			children = (
				754F1AF11D024B9400410CA0 /* FlickrApiClient.swift */,
				754F1B0D1D025A0C00410CA0 /* FlickrApiClient+Endpoints.swift */,
			);
			name = API;
			sourceTree = "<group>";
		};
		757262E51D1E7793006DE902 /* Flickr */ = {
			isa = PBXGroup;
			children = (
				754532421D066EBE00AEC34C /* FlickrHotTagsViewController.swift */,
				75E0573C1D100D5300B3A258 /* FlickrRelatedTagsViewController.swift */,
				757262E11D1E652E006DE902 /* FlickrCameraRollCollectionViewController.swift */,
				756F445E1D2279DE00736C49 /* FlickrUserAccountViewController.swift */,
			);
			name = Flickr;
			sourceTree = "<group>";
		};
		7584F34C1D0DABDC008FE98C /* Imagga */ = {
			isa = PBXGroup;
			children = (
				7584F34A1D0DABD0008FE98C /* ImaggaApiClient.swift */,
				7584F34D1D0DAFFC008FE98C /* ImaggaApiClient+Endpoints.swift */,
				75E057381D0FC93700B3A258 /* ImaggaConstants.swift */,
			);
			name = Imagga;
			sourceTree = "<group>";
		};
		7584F3511D0DCC04008FE98C /* Extensions */ = {
			isa = PBXGroup;
			children = (
				7584F34F1D0DCBFD008FE98C /* NSData+MimeType.swift */,
				75755C8A1D10FCA6007DE8B8 /* String+Encode.swift */,
				75755C8C1D10FD1D007DE8B8 /* String+HMACSHA1.swift */,
				750A9D1B1D20E8F8008501EF /* UIViewController+TabBarHidable.swift */,
			);
			name = Extensions;
			sourceTree = "<group>";
		};
		7584F3541D0DD0C9008FE98C /* Base */ = {
			isa = PBXGroup;
			children = (
				754F1AF41D024B9400410CA0 /* HttpApiClient.swift */,
				75A190A11D09B1BD00D34D0B /* HttpApiClient+Convenience.swift */,
				7584F3521D0DCCFA008FE98C /* HttpApiClient+MultipartFormData.swift */,
				754F1AF71D024B9400410CA0 /* JsonApiClient.swift */,
				7514BDEB1D03B56A004A2E20 /* MIApiClient.swift */,
				754F1AEF1D024B9400410CA0 /* ApiClientResult.swift */,
			);
			name = Base;
			sourceTree = "<group>";
		};
		758EDB4A1D12CB6700AE6A2B /* OAuth */ = {
			isa = PBXGroup;
			children = (
				75755C931D112BDD007DE8B8 /* FlickrOAuth.swift */,
				75755C951D1130F5007DE8B8 /* FlickrOAuthViewController.swift */,
				758EDB4D1D12CC2B00AE6A2B /* FlickrOAuthResult.swift */,
			);
			name = OAuth;
			sourceTree = "<group>";
		};
		75FBA1FE1D213187006EC31D /* TagListViewController */ = {
			isa = PBXGroup;
			children = (
				754532341D063F4000AEC34C /* TagListViewController.swift */,
				75FBA1FC1D21316E006EC31D /* TagListViewControllerUIState.swift */,
			);
			name = TagListViewController;
			sourceTree = "<group>";
		};
/* End PBXGroup section */

/* Begin PBXNativeTarget section */
		7552DF891D013A740032ECFA /* Tagger */ = {
			isa = PBXNativeTarget;
			buildConfigurationList = 7552DFB21D013A750032ECFA /* Build configuration list for PBXNativeTarget "Tagger" */;
			buildPhases = (
				7552DF861D013A740032ECFA /* Sources */,
				7552DF871D013A740032ECFA /* Frameworks */,
				7552DF881D013A740032ECFA /* Resources */,
				752520641D1ECF710047AB57 /* ShellScript */,
			);
			buildRules = (
			);
			dependencies = (
			);
			name = Tagger;
			productName = Tagger;
			productReference = 7552DF8A1D013A740032ECFA /* Tagger.app */;
			productType = "com.apple.product-type.application";
		};
		7552DF9D1D013A750032ECFA /* TaggerTests */ = {
			isa = PBXNativeTarget;
			buildConfigurationList = 7552DFB51D013A750032ECFA /* Build configuration list for PBXNativeTarget "TaggerTests" */;
			buildPhases = (
				7552DF9A1D013A750032ECFA /* Sources */,
				7552DF9B1D013A750032ECFA /* Frameworks */,
				7552DF9C1D013A750032ECFA /* Resources */,
			);
			buildRules = (
			);
			dependencies = (
				7552DFA01D013A750032ECFA /* PBXTargetDependency */,
			);
			name = TaggerTests;
			productName = TaggerTests;
			productReference = 7552DF9E1D013A750032ECFA /* TaggerTests.xctest */;
			productType = "com.apple.product-type.bundle.unit-test";
		};
		7552DFA81D013A750032ECFA /* TaggerUITests */ = {
			isa = PBXNativeTarget;
			buildConfigurationList = 7552DFB81D013A750032ECFA /* Build configuration list for PBXNativeTarget "TaggerUITests" */;
			buildPhases = (
				7552DFA51D013A750032ECFA /* Sources */,
				7552DFA61D013A750032ECFA /* Frameworks */,
				7552DFA71D013A750032ECFA /* Resources */,
			);
			buildRules = (
			);
			dependencies = (
				7552DFAB1D013A750032ECFA /* PBXTargetDependency */,
			);
			name = TaggerUITests;
			productName = TaggerUITests;
			productReference = 7552DFA91D013A750032ECFA /* TaggerUITests.xctest */;
			productType = "com.apple.product-type.bundle.ui-testing";
		};
/* End PBXNativeTarget section */

/* Begin PBXProject section */
		7552DF821D013A740032ECFA /* Project object */ = {
			isa = PBXProject;
			attributes = {
				LastSwiftUpdateCheck = 0730;
				LastUpgradeCheck = 0730;
				ORGANIZATIONNAME = "Ivan Magda";
				TargetAttributes = {
					7552DF891D013A740032ECFA = {
						CreatedOnToolsVersion = 7.3.1;
						DevelopmentTeam = 6UNHY8UY6E;
					};
					7552DF9D1D013A750032ECFA = {
						CreatedOnToolsVersion = 7.3.1;
						TestTargetID = 7552DF891D013A740032ECFA;
					};
					7552DFA81D013A750032ECFA = {
						CreatedOnToolsVersion = 7.3.1;
						TestTargetID = 7552DF891D013A740032ECFA;
					};
				};
			};
			buildConfigurationList = 7552DF851D013A740032ECFA /* Build configuration list for PBXProject "Tagger" */;
			compatibilityVersion = "Xcode 3.2";
			developmentRegion = English;
			hasScannedForEncodings = 0;
			knownRegions = (
				en,
				Base,
			);
			mainGroup = 7552DF811D013A740032ECFA;
			productRefGroup = 7552DF8B1D013A740032ECFA /* Products */;
			projectDirPath = "";
			projectRoot = "";
			targets = (
				7552DF891D013A740032ECFA /* Tagger */,
				7552DF9D1D013A750032ECFA /* TaggerTests */,
				7552DFA81D013A750032ECFA /* TaggerUITests */,
			);
		};
/* End PBXProject section */

/* Begin PBXResourcesBuildPhase section */
		7552DF881D013A740032ECFA /* Resources */ = {
			isa = PBXResourcesBuildPhase;
			buildActionMask = 2147483647;
			files = (
				7552DF981D013A740032ECFA /* LaunchScreen.storyboard in Resources */,
				75523B571D0717BB00EBB0FC /* CountPickerViewController.xib in Resources */,
				754532411D0669D700AEC34C /* TagListViewController.xib in Resources */,
				7552DF951D013A740032ECFA /* Assets.xcassets in Resources */,
				7552DF931D013A740032ECFA /* Main.storyboard in Resources */,
			);
			runOnlyForDeploymentPostprocessing = 0;
		};
		7552DF9C1D013A750032ECFA /* Resources */ = {
			isa = PBXResourcesBuildPhase;
			buildActionMask = 2147483647;
			files = (
			);
			runOnlyForDeploymentPostprocessing = 0;
		};
		7552DFA71D013A750032ECFA /* Resources */ = {
			isa = PBXResourcesBuildPhase;
			buildActionMask = 2147483647;
			files = (
			);
			runOnlyForDeploymentPostprocessing = 0;
		};
/* End PBXResourcesBuildPhase section */

/* Begin PBXShellScriptBuildPhase section */
		752520641D1ECF710047AB57 /* ShellScript */ = {
			isa = PBXShellScriptBuildPhase;
			buildActionMask = 2147483647;
			files = (
			);
			inputPaths = (
			);
			outputPaths = (
			);
			runOnlyForDeploymentPostprocessing = 0;
			shellPath = /bin/sh;
			shellScript = "if [ \"${CONFIGURATION}\" = \"Debug\" ]; then\nTAGS=\"TODO:|FIXME:\"\necho \"searching ${SRCROOT} for ${TAGS}\"\nfind \"${SRCROOT}\" \\( -name \"*.swift\" \\) -print0 | xargs -0 egrep --with-filename --line-number --only-matching \"($TAGS).*\\$\" | perl -p -e \"s/($TAGS)/ warning: \\$1/\"\nfi";
		};
/* End PBXShellScriptBuildPhase section */

/* Begin PBXSourcesBuildPhase section */
		7552DF861D013A740032ECFA /* Sources */ = {
			isa = PBXSourcesBuildPhase;
			buildActionMask = 2147483647;
			files = (
				7571F38D1D23965400402518 /* Tag.swift in Sources */,
				75D40D171D083DC100E3AB1F /* FlickrAlbum.swift in Sources */,
				754F1B0B1D024CEA00410CA0 /* Constants.swift in Sources */,
				75AA9CD31D2217E500DEB55D /* PasteboardUtils.swift in Sources */,
				754F1B011D024B9400410CA0 /* JSON.swift in Sources */,
				7571F3971D23BCD800402518 /* CategoryImage+CoreDataProperties.swift in Sources */,
				75AA9CD51D22220600DEB55D /* URLSchemesUtils.swift in Sources */,
				75E057391D0FC93700B3A258 /* ImaggaConstants.swift in Sources */,
				756F445F1D2279DE00736C49 /* FlickrUserAccountViewController.swift in Sources */,
				75755C941D112BDD007DE8B8 /* FlickrOAuth.swift in Sources */,
				75755C8B1D10FCA6007DE8B8 /* String+Encode.swift in Sources */,
				75755C971D1130F5007DE8B8 /* FlickrOAuthViewController.swift in Sources */,
				755E38C51D0939580052BA48 /* RandomNumberUtils.swift in Sources */,
				7584F34E1D0DAFFC008FE98C /* ImaggaApiClient+Endpoints.swift in Sources */,
				754C204A1D043FE200CA4B34 /* SectionHeaderCollectionReusableView.swift in Sources */,
				75755C8D1D10FD1D007DE8B8 /* String+HMACSHA1.swift in Sources */,
				754F1B001D024B9400410CA0 /* HttpMethod.swift in Sources */,
				7571F3871D23953B00402518 /* Tagger.xcdatamodeld in Sources */,
				7571F39E1D23BD1300402518 /* Tag+CoreDataProperties.swift in Sources */,
				754C20451D041F3D00CA4B34 /* CellReuseIdentifierable.swift in Sources */,
				75523B561D0717BB00EBB0FC /* CountPickerViewController.swift in Sources */,
				7571F3821D23950100402518 /* PersistenceCentral.swift in Sources */,
				754F1AFD1D024B9400410CA0 /* FlickrConstants.swift in Sources */,
				754F1AFE1D024B9400410CA0 /* GCDUtils.swift in Sources */,
				75D40D191D083DF900E3AB1F /* FlickrPhoto.swift in Sources */,
				7584F3501D0DCBFD008FE98C /* NSData+MimeType.swift in Sources */,
				750A9D1C1D20E8F8008501EF /* UIViewController+TabBarHidable.swift in Sources */,
				754F1AFA1D024B9400410CA0 /* ApiClientResult.swift in Sources */,
				7571F3811D23950100402518 /* PathUtils.swift in Sources */,
				7514BDEA1D03AB46004A2E20 /* FlickrTag.swift in Sources */,
				7552DFC21D0159F00032ECFA /* DiscoverTagsViewController.swift in Sources */,
				75E0573D1D100D5300B3A258 /* FlickrRelatedTagsViewController.swift in Sources */,
				7584F3531D0DCCFA008FE98C /* HttpApiClient+MultipartFormData.swift in Sources */,
				754532431D066EBE00AEC34C /* FlickrHotTagsViewController.swift in Sources */,
				75388C9F1D22BB5400618D85 /* FlickrPersonInfo.swift in Sources */,
				757262DF1D1E2261006DE902 /* MIFlickr.swift in Sources */,
				758EDB4C1D12CB8B00AE6A2B /* FlickrUser.swift in Sources */,
				75658CF01D1D87700028409D /* Keychain.swift in Sources */,
				754F1B041D024B9400410CA0 /* UIUtils.swift in Sources */,
				7552DFC41D015A5D0032ECFA /* ImageTaggerDataSourceViewController.swift in Sources */,
				754F1AFF1D024B9400410CA0 /* HttpApiClient.swift in Sources */,
				7514BDEC1D03B56A004A2E20 /* MIApiClient.swift in Sources */,
				750A9D1A1D20E64D008501EF /* HashtagsTextView.swift in Sources */,
				75991D781D0BC3DE00870189 /* MIImagePickerController.swift in Sources */,
				757262E21D1E652E006DE902 /* FlickrCameraRollCollectionViewController.swift in Sources */,
				758EDB4E1D12CC2B00AE6A2B /* FlickrOAuthResult.swift in Sources */,
				754F1AFC1D024B9400410CA0 /* FlickrApiClient.swift in Sources */,
				7571F3831D23950100402518 /* UUIDUtils.swift in Sources */,
				7543E4081D0BF01800A14B10 /* ImageTaggerViewController.swift in Sources */,
				7571F3801D23950100402518 /* CoreDataStackManager.swift in Sources */,
				75FBA1FD1D21316E006EC31D /* TagListViewControllerUIState.swift in Sources */,
				75A190A21D09B1BD00D34D0B /* HttpApiClient+Convenience.swift in Sources */,
				754F1B031D024B9400410CA0 /* JSONParselable.swift in Sources */,
				756F44611D227FFD00736C49 /* ProfileImageView.swift in Sources */,
				750DF2F51D0ECE8A002A95B6 /* ImaggaTag.swift in Sources */,
				7571F3981D23BCD800402518 /* CategoryImage.swift in Sources */,
				754532451D0675E200AEC34C /* Alertable.swift in Sources */,
				7552DFC81D015AAF0032ECFA /* MoreInfoTableViewController.swift in Sources */,
				754C20471D0424AD00CA4B34 /* CaseCountable.swift in Sources */,
				7571F3A01D23C18900402518 /* Category+CoreDataProperties.swift in Sources */,
				7552DF8E1D013A740032ECFA /* AppDelegate.swift in Sources */,
				754C20421D041B7E00CA4B34 /* TagCollectionViewCell.swift in Sources */,
				754532351D063F4000AEC34C /* TagListViewController.swift in Sources */,
				757262E41D1E6D9E006DE902 /* FlickrCameraRollCollectionViewCell.swift in Sources */,
				754F1B021D024B9400410CA0 /* JsonApiClient.swift in Sources */,
				754F1B0E1D025A0C00410CA0 /* FlickrApiClient+Endpoints.swift in Sources */,
				7584F34B1D0DABD0008FE98C /* ImaggaApiClient.swift in Sources */,
				7571F38F1D23965400402518 /* Category.swift in Sources */,
			);
			runOnlyForDeploymentPostprocessing = 0;
		};
		7552DF9A1D013A750032ECFA /* Sources */ = {
			isa = PBXSourcesBuildPhase;
			buildActionMask = 2147483647;
			files = (
				7552DFA31D013A750032ECFA /* TaggerTests.swift in Sources */,
			);
			runOnlyForDeploymentPostprocessing = 0;
		};
		7552DFA51D013A750032ECFA /* Sources */ = {
			isa = PBXSourcesBuildPhase;
			buildActionMask = 2147483647;
			files = (
				7552DFAE1D013A750032ECFA /* TaggerUITests.swift in Sources */,
			);
			runOnlyForDeploymentPostprocessing = 0;
		};
/* End PBXSourcesBuildPhase section */

/* Begin PBXTargetDependency section */
		7552DFA01D013A750032ECFA /* PBXTargetDependency */ = {
			isa = PBXTargetDependency;
			target = 7552DF891D013A740032ECFA /* Tagger */;
			targetProxy = 7552DF9F1D013A750032ECFA /* PBXContainerItemProxy */;
		};
		7552DFAB1D013A750032ECFA /* PBXTargetDependency */ = {
			isa = PBXTargetDependency;
			target = 7552DF891D013A740032ECFA /* Tagger */;
			targetProxy = 7552DFAA1D013A750032ECFA /* PBXContainerItemProxy */;
		};
/* End PBXTargetDependency section */

/* Begin PBXVariantGroup section */
		7552DF911D013A740032ECFA /* Main.storyboard */ = {
			isa = PBXVariantGroup;
			children = (
				7552DF921D013A740032ECFA /* Base */,
			);
			name = Main.storyboard;
			sourceTree = "<group>";
		};
		7552DF961D013A740032ECFA /* LaunchScreen.storyboard */ = {
			isa = PBXVariantGroup;
			children = (
				7552DF971D013A740032ECFA /* Base */,
			);
			name = LaunchScreen.storyboard;
			sourceTree = "<group>";
		};
/* End PBXVariantGroup section */

/* Begin XCBuildConfiguration section */
		7552DFB01D013A750032ECFA /* Debug */ = {
			isa = XCBuildConfiguration;
			buildSettings = {
				ALWAYS_SEARCH_USER_PATHS = NO;
				CLANG_ANALYZER_NONNULL = YES;
				CLANG_CXX_LANGUAGE_STANDARD = "gnu++0x";
				CLANG_CXX_LIBRARY = "libc++";
				CLANG_ENABLE_MODULES = YES;
				CLANG_ENABLE_OBJC_ARC = YES;
				CLANG_WARN_BOOL_CONVERSION = YES;
				CLANG_WARN_CONSTANT_CONVERSION = YES;
				CLANG_WARN_DIRECT_OBJC_ISA_USAGE = YES_ERROR;
				CLANG_WARN_EMPTY_BODY = YES;
				CLANG_WARN_ENUM_CONVERSION = YES;
				CLANG_WARN_INT_CONVERSION = YES;
				CLANG_WARN_OBJC_ROOT_CLASS = YES_ERROR;
				CLANG_WARN_UNREACHABLE_CODE = YES;
				CLANG_WARN__DUPLICATE_METHOD_MATCH = YES;
				"CODE_SIGN_IDENTITY[sdk=iphoneos*]" = "iPhone Developer";
				COPY_PHASE_STRIP = NO;
				DEBUG_INFORMATION_FORMAT = dwarf;
				ENABLE_STRICT_OBJC_MSGSEND = YES;
				ENABLE_TESTABILITY = YES;
				GCC_C_LANGUAGE_STANDARD = gnu99;
				GCC_DYNAMIC_NO_PIC = NO;
				GCC_NO_COMMON_BLOCKS = YES;
				GCC_OPTIMIZATION_LEVEL = 0;
				GCC_PREPROCESSOR_DEFINITIONS = (
					"DEBUG=1",
					"$(inherited)",
				);
				GCC_WARN_64_TO_32_BIT_CONVERSION = YES;
				GCC_WARN_ABOUT_RETURN_TYPE = YES_ERROR;
				GCC_WARN_UNDECLARED_SELECTOR = YES;
				GCC_WARN_UNINITIALIZED_AUTOS = YES_AGGRESSIVE;
				GCC_WARN_UNUSED_FUNCTION = YES;
				GCC_WARN_UNUSED_VARIABLE = YES;
				IPHONEOS_DEPLOYMENT_TARGET = 9.0;
				MTL_ENABLE_DEBUG_INFO = YES;
				ONLY_ACTIVE_ARCH = YES;
				SDKROOT = iphoneos;
				SWIFT_OPTIMIZATION_LEVEL = "-Onone";
			};
			name = Debug;
		};
		7552DFB11D013A750032ECFA /* Release */ = {
			isa = XCBuildConfiguration;
			buildSettings = {
				ALWAYS_SEARCH_USER_PATHS = NO;
				CLANG_ANALYZER_NONNULL = YES;
				CLANG_CXX_LANGUAGE_STANDARD = "gnu++0x";
				CLANG_CXX_LIBRARY = "libc++";
				CLANG_ENABLE_MODULES = YES;
				CLANG_ENABLE_OBJC_ARC = YES;
				CLANG_WARN_BOOL_CONVERSION = YES;
				CLANG_WARN_CONSTANT_CONVERSION = YES;
				CLANG_WARN_DIRECT_OBJC_ISA_USAGE = YES_ERROR;
				CLANG_WARN_EMPTY_BODY = YES;
				CLANG_WARN_ENUM_CONVERSION = YES;
				CLANG_WARN_INT_CONVERSION = YES;
				CLANG_WARN_OBJC_ROOT_CLASS = YES_ERROR;
				CLANG_WARN_UNREACHABLE_CODE = YES;
				CLANG_WARN__DUPLICATE_METHOD_MATCH = YES;
				"CODE_SIGN_IDENTITY[sdk=iphoneos*]" = "iPhone Developer";
				COPY_PHASE_STRIP = NO;
				DEBUG_INFORMATION_FORMAT = "dwarf-with-dsym";
				ENABLE_NS_ASSERTIONS = NO;
				ENABLE_STRICT_OBJC_MSGSEND = YES;
				GCC_C_LANGUAGE_STANDARD = gnu99;
				GCC_NO_COMMON_BLOCKS = YES;
				GCC_WARN_64_TO_32_BIT_CONVERSION = YES;
				GCC_WARN_ABOUT_RETURN_TYPE = YES_ERROR;
				GCC_WARN_UNDECLARED_SELECTOR = YES;
				GCC_WARN_UNINITIALIZED_AUTOS = YES_AGGRESSIVE;
				GCC_WARN_UNUSED_FUNCTION = YES;
				GCC_WARN_UNUSED_VARIABLE = YES;
				IPHONEOS_DEPLOYMENT_TARGET = 9.0;
				MTL_ENABLE_DEBUG_INFO = NO;
				SDKROOT = iphoneos;
				SWIFT_OPTIMIZATION_LEVEL = "-O";
				VALIDATE_PRODUCT = YES;
			};
			name = Release;
		};
		7552DFB31D013A750032ECFA /* Debug */ = {
			isa = XCBuildConfiguration;
			buildSettings = {
				ASSETCATALOG_COMPILER_APPICON_NAME = AppIcon;
				CLANG_ENABLE_MODULES = YES;
				CODE_SIGN_IDENTITY = "iPhone Developer";
				"CODE_SIGN_IDENTITY[sdk=iphoneos*]" = "iPhone Developer";
				INFOPLIST_FILE = Tagger/Info.plist;
				IPHONEOS_DEPLOYMENT_TARGET = 9.0;
				LD_RUNPATH_SEARCH_PATHS = "$(inherited) @executable_path/Frameworks";
				PRODUCT_BUNDLE_IDENTIFIER = com.ivanmagda.Tagger;
				PRODUCT_NAME = "$(TARGET_NAME)";
				PROVISIONING_PROFILE = "";
				SWIFT_OBJC_BRIDGING_HEADER = "Tagger/Tagger-Bridging-Header.h";
				SWIFT_OPTIMIZATION_LEVEL = "-Onone";
			};
			name = Debug;
		};
		7552DFB41D013A750032ECFA /* Release */ = {
			isa = XCBuildConfiguration;
			buildSettings = {
				ASSETCATALOG_COMPILER_APPICON_NAME = AppIcon;
				CLANG_ENABLE_MODULES = YES;
				CODE_SIGN_IDENTITY = "iPhone Developer";
				"CODE_SIGN_IDENTITY[sdk=iphoneos*]" = "iPhone Developer";
				INFOPLIST_FILE = Tagger/Info.plist;
				IPHONEOS_DEPLOYMENT_TARGET = 9.0;
				LD_RUNPATH_SEARCH_PATHS = "$(inherited) @executable_path/Frameworks";
				PRODUCT_BUNDLE_IDENTIFIER = com.ivanmagda.Tagger;
				PRODUCT_NAME = "$(TARGET_NAME)";
				PROVISIONING_PROFILE = "";
				SWIFT_OBJC_BRIDGING_HEADER = "Tagger/Tagger-Bridging-Header.h";
			};
			name = Release;
		};
		7552DFB61D013A750032ECFA /* Debug */ = {
			isa = XCBuildConfiguration;
			buildSettings = {
				BUNDLE_LOADER = "$(TEST_HOST)";
				INFOPLIST_FILE = TaggerTests/Info.plist;
				LD_RUNPATH_SEARCH_PATHS = "$(inherited) @executable_path/Frameworks @loader_path/Frameworks";
				PRODUCT_BUNDLE_IDENTIFIER = com.ivanmagda.TaggerTests;
				PRODUCT_NAME = "$(TARGET_NAME)";
				TEST_HOST = "$(BUILT_PRODUCTS_DIR)/Tagger.app/Tagger";
			};
			name = Debug;
		};
		7552DFB71D013A750032ECFA /* Release */ = {
			isa = XCBuildConfiguration;
			buildSettings = {
				BUNDLE_LOADER = "$(TEST_HOST)";
				INFOPLIST_FILE = TaggerTests/Info.plist;
				LD_RUNPATH_SEARCH_PATHS = "$(inherited) @executable_path/Frameworks @loader_path/Frameworks";
				PRODUCT_BUNDLE_IDENTIFIER = com.ivanmagda.TaggerTests;
				PRODUCT_NAME = "$(TARGET_NAME)";
				TEST_HOST = "$(BUILT_PRODUCTS_DIR)/Tagger.app/Tagger";
			};
			name = Release;
		};
		7552DFB91D013A750032ECFA /* Debug */ = {
			isa = XCBuildConfiguration;
			buildSettings = {
				INFOPLIST_FILE = TaggerUITests/Info.plist;
				LD_RUNPATH_SEARCH_PATHS = "$(inherited) @executable_path/Frameworks @loader_path/Frameworks";
				PRODUCT_BUNDLE_IDENTIFIER = com.ivanmagda.TaggerUITests;
				PRODUCT_NAME = "$(TARGET_NAME)";
				TEST_TARGET_NAME = Tagger;
			};
			name = Debug;
		};
		7552DFBA1D013A750032ECFA /* Release */ = {
			isa = XCBuildConfiguration;
			buildSettings = {
				INFOPLIST_FILE = TaggerUITests/Info.plist;
				LD_RUNPATH_SEARCH_PATHS = "$(inherited) @executable_path/Frameworks @loader_path/Frameworks";
				PRODUCT_BUNDLE_IDENTIFIER = com.ivanmagda.TaggerUITests;
				PRODUCT_NAME = "$(TARGET_NAME)";
				TEST_TARGET_NAME = Tagger;
			};
			name = Release;
		};
/* End XCBuildConfiguration section */

/* Begin XCConfigurationList section */
		7552DF851D013A740032ECFA /* Build configuration list for PBXProject "Tagger" */ = {
			isa = XCConfigurationList;
			buildConfigurations = (
				7552DFB01D013A750032ECFA /* Debug */,
				7552DFB11D013A750032ECFA /* Release */,
			);
			defaultConfigurationIsVisible = 0;
			defaultConfigurationName = Release;
		};
		7552DFB21D013A750032ECFA /* Build configuration list for PBXNativeTarget "Tagger" */ = {
			isa = XCConfigurationList;
			buildConfigurations = (
				7552DFB31D013A750032ECFA /* Debug */,
				7552DFB41D013A750032ECFA /* Release */,
			);
			defaultConfigurationIsVisible = 0;
			defaultConfigurationName = Release;
		};
		7552DFB51D013A750032ECFA /* Build configuration list for PBXNativeTarget "TaggerTests" */ = {
			isa = XCConfigurationList;
			buildConfigurations = (
				7552DFB61D013A750032ECFA /* Debug */,
				7552DFB71D013A750032ECFA /* Release */,
			);
			defaultConfigurationIsVisible = 0;
			defaultConfigurationName = Release;
		};
		7552DFB81D013A750032ECFA /* Build configuration list for PBXNativeTarget "TaggerUITests" */ = {
			isa = XCConfigurationList;
			buildConfigurations = (
				7552DFB91D013A750032ECFA /* Debug */,
				7552DFBA1D013A750032ECFA /* Release */,
			);
			defaultConfigurationIsVisible = 0;
			defaultConfigurationName = Release;
		};
/* End XCConfigurationList section */

/* Begin XCVersionGroup section */
		7571F3851D23953B00402518 /* Tagger.xcdatamodeld */ = {
			isa = XCVersionGroup;
			children = (
				7571F3861D23953B00402518 /* Tagger.xcdatamodel */,
			);
			currentVersion = 7571F3861D23953B00402518 /* Tagger.xcdatamodel */;
			path = Tagger.xcdatamodeld;
			sourceTree = "<group>";
			versionGroupType = wrapper.xcdatamodel;
		};
/* End XCVersionGroup section */
	};
	rootObject = 7552DF821D013A740032ECFA /* Project object */;
}
