// !$*UTF8*$!
{
	archiveVersion = 1;
	classes = {
	};
	objectVersion = 46;
	objects = {

/* Begin PBXBuildFile section */
		750A9D1A1D20E64D008501EF /* HashtagsTextView.swift in Sources */ = {isa = PBXBuildFile; fileRef = 750A9D191D20E64D008501EF /* HashtagsTextView.swift */; };
		750A9D1C1D20E8F8008501EF /* UIViewController+TabBarHidable.swift in Sources */ = {isa = PBXBuildFile; fileRef = 750A9D1B1D20E8F8008501EF /* UIViewController+TabBarHidable.swift */; };
		750DF2F51D0ECE8A002A95B6 /* ImaggaTag.swift in Sources */ = {isa = PBXBuildFile; fileRef = 750DF2F41D0ECE8A002A95B6 /* ImaggaTag.swift */; };
		7514BDEA1D03AB46004A2E20 /* FlickrTag.swift in Sources */ = {isa = PBXBuildFile; fileRef = 7514BDE91D03AB46004A2E20 /* FlickrTag.swift */; };
		7514BDEC1D03B56A004A2E20 /* IMApiClient.swift in Sources */ = {isa = PBXBuildFile; fileRef = 7514BDEB1D03B56A004A2E20 /* IMApiClient.swift */; };
		7524C0431D251E000004D6CE /* CategoriesTableViewController.swift in Sources */ = {isa = PBXBuildFile; fileRef = 7524C0421D251E000004D6CE /* CategoriesTableViewController.swift */; };
		7524C0451D25204F0004D6CE /* ManageCategoryTableViewController.swift in Sources */ = {isa = PBXBuildFile; fileRef = 7524C0441D25204F0004D6CE /* ManageCategoryTableViewController.swift */; };
		7524C0471D2576010004D6CE /* EntityType.swift in Sources */ = {isa = PBXBuildFile; fileRef = 7524C0461D2576010004D6CE /* EntityType.swift */; };
		75388C9F1D22BB5400618D85 /* FlickrPersonInfo.swift in Sources */ = {isa = PBXBuildFile; fileRef = 75388C9E1D22BB5400618D85 /* FlickrPersonInfo.swift */; };
		7543E4081D0BF01800A14B10 /* ImageTaggerViewController.swift in Sources */ = {isa = PBXBuildFile; fileRef = 7543E4071D0BF01800A14B10 /* ImageTaggerViewController.swift */; };
		754532351D063F4000AEC34C /* TagListViewController.swift in Sources */ = {isa = PBXBuildFile; fileRef = 754532341D063F4000AEC34C /* TagListViewController.swift */; };
		754532411D0669D700AEC34C /* TagListViewController.xib in Resources */ = {isa = PBXBuildFile; fileRef = 7545323F1D0669D700AEC34C /* TagListViewController.xib */; };
		754532431D066EBE00AEC34C /* FlickrHotTagsViewController.swift in Sources */ = {isa = PBXBuildFile; fileRef = 754532421D066EBE00AEC34C /* FlickrHotTagsViewController.swift */; };
		754532451D0675E200AEC34C /* Alertable.swift in Sources */ = {isa = PBXBuildFile; fileRef = 754532441D0675E200AEC34C /* Alertable.swift */; };
		754C20421D041B7E00CA4B34 /* TagCollectionViewCell.swift in Sources */ = {isa = PBXBuildFile; fileRef = 754C20411D041B7E00CA4B34 /* TagCollectionViewCell.swift */; };
		754C20451D041F3D00CA4B34 /* CellReuseIdentifierable.swift in Sources */ = {isa = PBXBuildFile; fileRef = 754C20441D041F3D00CA4B34 /* CellReuseIdentifierable.swift */; };
		754C20471D0424AD00CA4B34 /* CaseCountable.swift in Sources */ = {isa = PBXBuildFile; fileRef = 754C20461D0424AD00CA4B34 /* CaseCountable.swift */; };
		754C204A1D043FE200CA4B34 /* SectionHeaderCollectionReusableView.swift in Sources */ = {isa = PBXBuildFile; fileRef = 754C20491D043FE200CA4B34 /* SectionHeaderCollectionReusableView.swift */; };
		754F1AFA1D024B9400410CA0 /* ApiClientResult.swift in Sources */ = {isa = PBXBuildFile; fileRef = 754F1AEF1D024B9400410CA0 /* ApiClientResult.swift */; };
		754F1AFC1D024B9400410CA0 /* FlickrApiClient.swift in Sources */ = {isa = PBXBuildFile; fileRef = 754F1AF11D024B9400410CA0 /* FlickrApiClient.swift */; };
		754F1AFD1D024B9400410CA0 /* FlickrApiClient+Constants.swift in Sources */ = {isa = PBXBuildFile; fileRef = 754F1AF21D024B9400410CA0 /* FlickrApiClient+Constants.swift */; };
		754F1AFE1D024B9400410CA0 /* GCDUtils.swift in Sources */ = {isa = PBXBuildFile; fileRef = 754F1AF31D024B9400410CA0 /* GCDUtils.swift */; };
		754F1AFF1D024B9400410CA0 /* HttpApiClient.swift in Sources */ = {isa = PBXBuildFile; fileRef = 754F1AF41D024B9400410CA0 /* HttpApiClient.swift */; };
		754F1B001D024B9400410CA0 /* HttpMethod.swift in Sources */ = {isa = PBXBuildFile; fileRef = 754F1AF51D024B9400410CA0 /* HttpMethod.swift */; };
		754F1B011D024B9400410CA0 /* JSON.swift in Sources */ = {isa = PBXBuildFile; fileRef = 754F1AF61D024B9400410CA0 /* JSON.swift */; };
		754F1B031D024B9400410CA0 /* JSONParselable.swift in Sources */ = {isa = PBXBuildFile; fileRef = 754F1AF81D024B9400410CA0 /* JSONParselable.swift */; };
		754F1B041D024B9400410CA0 /* UIUtils.swift in Sources */ = {isa = PBXBuildFile; fileRef = 754F1AF91D024B9400410CA0 /* UIUtils.swift */; };
		754F1B0B1D024CEA00410CA0 /* Constants.swift in Sources */ = {isa = PBXBuildFile; fileRef = 754F1B0A1D024CEA00410CA0 /* Constants.swift */; };
		754F1B0E1D025A0C00410CA0 /* FlickrApiClient+Endpoints.swift in Sources */ = {isa = PBXBuildFile; fileRef = 754F1B0D1D025A0C00410CA0 /* FlickrApiClient+Endpoints.swift */; };
		75523B561D0717BB00EBB0FC /* CountPickerViewController.swift in Sources */ = {isa = PBXBuildFile; fileRef = 75523B541D0717BB00EBB0FC /* CountPickerViewController.swift */; };
		75523B571D0717BB00EBB0FC /* CountPickerViewController.xib in Resources */ = {isa = PBXBuildFile; fileRef = 75523B551D0717BB00EBB0FC /* CountPickerViewController.xib */; };
		7552DF8E1D013A740032ECFA /* AppDelegate.swift in Sources */ = {isa = PBXBuildFile; fileRef = 7552DF8D1D013A740032ECFA /* AppDelegate.swift */; };
		7552DF931D013A740032ECFA /* Main.storyboard in Resources */ = {isa = PBXBuildFile; fileRef = 7552DF911D013A740032ECFA /* Main.storyboard */; };
		7552DF951D013A740032ECFA /* Assets.xcassets in Resources */ = {isa = PBXBuildFile; fileRef = 7552DF941D013A740032ECFA /* Assets.xcassets */; };
		7552DF981D013A740032ECFA /* LaunchScreen.storyboard in Resources */ = {isa = PBXBuildFile; fileRef = 7552DF961D013A740032ECFA /* LaunchScreen.storyboard */; };
		7552DFA31D013A750032ECFA /* TaggerTests.swift in Sources */ = {isa = PBXBuildFile; fileRef = 7552DFA21D013A750032ECFA /* TaggerTests.swift */; };
		7552DFAE1D013A750032ECFA /* TaggerUITests.swift in Sources */ = {isa = PBXBuildFile; fileRef = 7552DFAD1D013A750032ECFA /* TaggerUITests.swift */; };
		7552DFC21D0159F00032ECFA /* DiscoverTagsViewController.swift in Sources */ = {isa = PBXBuildFile; fileRef = 7552DFC11D0159F00032ECFA /* DiscoverTagsViewController.swift */; };
		7552DFC41D015A5D0032ECFA /* ImageTaggerDataSourceViewController.swift in Sources */ = {isa = PBXBuildFile; fileRef = 7552DFC31D015A5D0032ECFA /* ImageTaggerDataSourceViewController.swift */; };
		7552DFC81D015AAF0032ECFA /* MoreInfoTableViewController.swift in Sources */ = {isa = PBXBuildFile; fileRef = 7552DFC71D015AAF0032ECFA /* MoreInfoTableViewController.swift */; };
		755E38C51D0939580052BA48 /* RandomUtils.swift in Sources */ = {isa = PBXBuildFile; fileRef = 755E38C41D0939580052BA48 /* RandomUtils.swift */; };
		756F445F1D2279DE00736C49 /* FlickrUserAccountViewController.swift in Sources */ = {isa = PBXBuildFile; fileRef = 756F445E1D2279DE00736C49 /* FlickrUserAccountViewController.swift */; };
		756F44611D227FFD00736C49 /* ProfileImageView.swift in Sources */ = {isa = PBXBuildFile; fileRef = 756F44601D227FFD00736C49 /* ProfileImageView.swift */; };
		7571F3801D23950100402518 /* CoreDataStackManager.swift in Sources */ = {isa = PBXBuildFile; fileRef = 7571F37C1D23950100402518 /* CoreDataStackManager.swift */; };
		7571F3811D23950100402518 /* PathUtils.swift in Sources */ = {isa = PBXBuildFile; fileRef = 7571F37D1D23950100402518 /* PathUtils.swift */; };
		7571F3821D23950100402518 /* PersistenceCentral.swift in Sources */ = {isa = PBXBuildFile; fileRef = 7571F37E1D23950100402518 /* PersistenceCentral.swift */; };
		7571F3831D23950100402518 /* UUIDUtils.swift in Sources */ = {isa = PBXBuildFile; fileRef = 7571F37F1D23950100402518 /* UUIDUtils.swift */; };
		7571F3871D23953B00402518 /* Tagger.xcdatamodeld in Sources */ = {isa = PBXBuildFile; fileRef = 7571F3851D23953B00402518 /* Tagger.xcdatamodeld */; };
		7571F38D1D23965400402518 /* Tag.swift in Sources */ = {isa = PBXBuildFile; fileRef = 7571F3891D23965400402518 /* Tag.swift */; };
		7571F38F1D23965400402518 /* Category.swift in Sources */ = {isa = PBXBuildFile; fileRef = 7571F38B1D23965400402518 /* Category.swift */; };
		7571F3971D23BCD800402518 /* CategoryImage+CoreDataProperties.swift in Sources */ = {isa = PBXBuildFile; fileRef = 7571F3931D23BCD800402518 /* CategoryImage+CoreDataProperties.swift */; };
		7571F3981D23BCD800402518 /* CategoryImage.swift in Sources */ = {isa = PBXBuildFile; fileRef = 7571F3941D23BCD800402518 /* CategoryImage.swift */; };
		7571F39E1D23BD1300402518 /* Tag+CoreDataProperties.swift in Sources */ = {isa = PBXBuildFile; fileRef = 7571F39C1D23BD1300402518 /* Tag+CoreDataProperties.swift */; };
		7571F3A01D23C18900402518 /* Category+CoreDataProperties.swift in Sources */ = {isa = PBXBuildFile; fileRef = 7571F39F1D23C18900402518 /* Category+CoreDataProperties.swift */; };
		757262DF1D1E2261006DE902 /* IMFlickr.swift in Sources */ = {isa = PBXBuildFile; fileRef = 757262DE1D1E2261006DE902 /* IMFlickr.swift */; };
		757262E21D1E652E006DE902 /* FlickrCameraRollCollectionViewController.swift in Sources */ = {isa = PBXBuildFile; fileRef = 757262E11D1E652E006DE902 /* FlickrCameraRollCollectionViewController.swift */; };
		757262E41D1E6D9E006DE902 /* FlickrCameraRollCollectionViewCell.swift in Sources */ = {isa = PBXBuildFile; fileRef = 757262E31D1E6D9E006DE902 /* FlickrCameraRollCollectionViewCell.swift */; };
		75755C8B1D10FCA6007DE8B8 /* String+Encode.swift in Sources */ = {isa = PBXBuildFile; fileRef = 75755C8A1D10FCA6007DE8B8 /* String+Encode.swift */; };
		75755C8D1D10FD1D007DE8B8 /* String+HMACSHA1.swift in Sources */ = {isa = PBXBuildFile; fileRef = 75755C8C1D10FD1D007DE8B8 /* String+HMACSHA1.swift */; };
		75755C941D112BDD007DE8B8 /* FlickrOAuth.swift in Sources */ = {isa = PBXBuildFile; fileRef = 75755C931D112BDD007DE8B8 /* FlickrOAuth.swift */; };
		75755C971D1130F5007DE8B8 /* FlickrOAuthViewController.swift in Sources */ = {isa = PBXBuildFile; fileRef = 75755C951D1130F5007DE8B8 /* FlickrOAuthViewController.swift */; };
		7584F34B1D0DABD0008FE98C /* ImaggaApiClient.swift in Sources */ = {isa = PBXBuildFile; fileRef = 7584F34A1D0DABD0008FE98C /* ImaggaApiClient.swift */; };
		7584F34E1D0DAFFC008FE98C /* ImaggaApiClient+Endpoints.swift in Sources */ = {isa = PBXBuildFile; fileRef = 7584F34D1D0DAFFC008FE98C /* ImaggaApiClient+Endpoints.swift */; };
		7584F3501D0DCBFD008FE98C /* NSData+MimeType.swift in Sources */ = {isa = PBXBuildFile; fileRef = 7584F34F1D0DCBFD008FE98C /* NSData+MimeType.swift */; };
		7584F3531D0DCCFA008FE98C /* HttpApiClient+MultipartFormData.swift in Sources */ = {isa = PBXBuildFile; fileRef = 7584F3521D0DCCFA008FE98C /* HttpApiClient+MultipartFormData.swift */; };
		758EDB4C1D12CB8B00AE6A2B /* FlickrUser.swift in Sources */ = {isa = PBXBuildFile; fileRef = 758EDB4B1D12CB8B00AE6A2B /* FlickrUser.swift */; };
		758EDB4E1D12CC2B00AE6A2B /* FlickrOAuthResult.swift in Sources */ = {isa = PBXBuildFile; fileRef = 758EDB4D1D12CC2B00AE6A2B /* FlickrOAuthResult.swift */; };
		75991D781D0BC3DE00870189 /* IMImagePickerController.swift in Sources */ = {isa = PBXBuildFile; fileRef = 75991D771D0BC3DE00870189 /* IMImagePickerController.swift */; };
		75A190A21D09B1BD00D34D0B /* HttpApiClient+Convenience.swift in Sources */ = {isa = PBXBuildFile; fileRef = 75A190A11D09B1BD00D34D0B /* HttpApiClient+Convenience.swift */; };
		75AA9CD31D2217E500DEB55D /* PasteboardUtils.swift in Sources */ = {isa = PBXBuildFile; fileRef = 75AA9CD21D2217E500DEB55D /* PasteboardUtils.swift */; };
		75AA9CD51D22220600DEB55D /* URLSchemeUtils.swift in Sources */ = {isa = PBXBuildFile; fileRef = 75AA9CD41D22220600DEB55D /* URLSchemeUtils.swift */; };
		75D40D171D083DC100E3AB1F /* FlickrAlbum.swift in Sources */ = {isa = PBXBuildFile; fileRef = 75D40D161D083DC100E3AB1F /* FlickrAlbum.swift */; };
		75D40D191D083DF900E3AB1F /* FlickrPhoto.swift in Sources */ = {isa = PBXBuildFile; fileRef = 75D40D181D083DF900E3AB1F /* FlickrPhoto.swift */; };
		75E057391D0FC93700B3A258 /* ImaggaConstants.swift in Sources */ = {isa = PBXBuildFile; fileRef = 75E057381D0FC93700B3A258 /* ImaggaConstants.swift */; };
		75E0573D1D100D5300B3A258 /* FlickrRelatedTagsViewController.swift in Sources */ = {isa = PBXBuildFile; fileRef = 75E0573C1D100D5300B3A258 /* FlickrRelatedTagsViewController.swift */; };
		75F8DFF5203F5FA200B7EC6A /* JsonApiClient.swift in Sources */ = {isa = PBXBuildFile; fileRef = 75F8DFF4203F5FA200B7EC6A /* JsonApiClient.swift */; };
		75FBA1FD1D21316E006EC31D /* TagListViewControllerUIState.swift in Sources */ = {isa = PBXBuildFile; fileRef = 75FBA1FC1D21316E006EC31D /* TagListViewControllerUIState.swift */; };
		8225B30BCF67BE8D4D1F0A59 /* Pods_Tagger.framework in Frameworks */ = {isa = PBXBuildFile; fileRef = 439B858E84410900C822A0DA /* Pods_Tagger.framework */; };
/* End PBXBuildFile section */

/* Begin PBXContainerItemProxy section */
		7552DF9F1D013A750032ECFA /* PBXContainerItemProxy */ = {
			isa = PBXContainerItemProxy;
			containerPortal = 7552DF821D013A740032ECFA /* Project object */;
			proxyType = 1;
			remoteGlobalIDString = 7552DF891D013A740032ECFA;
			remoteInfo = Tagger;
		};
		7552DFAA1D013A750032ECFA /* PBXContainerItemProxy */ = {
			isa = PBXContainerItemProxy;
			containerPortal = 7552DF821D013A740032ECFA /* Project object */;
			proxyType = 1;
			remoteGlobalIDString = 7552DF891D013A740032ECFA;
			remoteInfo = Tagger;
		};
/* End PBXContainerItemProxy section */

/* Begin PBXFileReference section */
		439B858E84410900C822A0DA /* Pods_Tagger.framework */ = {isa = PBXFileReference; explicitFileType = wrapper.framework; includeInIndex = 0; path = Pods_Tagger.framework; sourceTree = BUILT_PRODUCTS_DIR; };
		65A7249A7666A9DB189642BB /* Pods-Tagger.release.xcconfig */ = {isa = PBXFileReference; includeInIndex = 1; lastKnownFileType = text.xcconfig; name = "Pods-Tagger.release.xcconfig"; path = "Pods/Target Support Files/Pods-Tagger/Pods-Tagger.release.xcconfig"; sourceTree = "<group>"; };
		750A9D191D20E64D008501EF /* HashtagsTextView.swift */ = {isa = PBXFileReference; fileEncoding = 4; lastKnownFileType = sourcecode.swift; path = HashtagsTextView.swift; sourceTree = "<group>"; };
		750A9D1B1D20E8F8008501EF /* UIViewController+TabBarHidable.swift */ = {isa = PBXFileReference; fileEncoding = 4; lastKnownFileType = sourcecode.swift; path = "UIViewController+TabBarHidable.swift"; sourceTree = "<group>"; };
		750DF2F41D0ECE8A002A95B6 /* ImaggaTag.swift */ = {isa = PBXFileReference; fileEncoding = 4; lastKnownFileType = sourcecode.swift; path = ImaggaTag.swift; sourceTree = "<group>"; };
		7514BDE91D03AB46004A2E20 /* FlickrTag.swift */ = {isa = PBXFileReference; fileEncoding = 4; lastKnownFileType = sourcecode.swift; path = FlickrTag.swift; sourceTree = "<group>"; };
		7514BDEB1D03B56A004A2E20 /* IMApiClient.swift */ = {isa = PBXFileReference; fileEncoding = 4; lastKnownFileType = sourcecode.swift; path = IMApiClient.swift; sourceTree = "<group>"; };
		7524C0421D251E000004D6CE /* CategoriesTableViewController.swift */ = {isa = PBXFileReference; fileEncoding = 4; lastKnownFileType = sourcecode.swift; path = CategoriesTableViewController.swift; sourceTree = "<group>"; };
		7524C0441D25204F0004D6CE /* ManageCategoryTableViewController.swift */ = {isa = PBXFileReference; fileEncoding = 4; lastKnownFileType = sourcecode.swift; path = ManageCategoryTableViewController.swift; sourceTree = "<group>"; };
		7524C0461D2576010004D6CE /* EntityType.swift */ = {isa = PBXFileReference; fileEncoding = 4; lastKnownFileType = sourcecode.swift; path = EntityType.swift; sourceTree = "<group>"; };
		75388C9E1D22BB5400618D85 /* FlickrPersonInfo.swift */ = {isa = PBXFileReference; fileEncoding = 4; lastKnownFileType = sourcecode.swift; path = FlickrPersonInfo.swift; sourceTree = "<group>"; };
		7543E4071D0BF01800A14B10 /* ImageTaggerViewController.swift */ = {isa = PBXFileReference; fileEncoding = 4; lastKnownFileType = sourcecode.swift; path = ImageTaggerViewController.swift; sourceTree = "<group>"; };
		754532341D063F4000AEC34C /* TagListViewController.swift */ = {isa = PBXFileReference; fileEncoding = 4; lastKnownFileType = sourcecode.swift; path = TagListViewController.swift; sourceTree = "<group>"; };
		7545323F1D0669D700AEC34C /* TagListViewController.xib */ = {isa = PBXFileReference; fileEncoding = 4; lastKnownFileType = file.xib; path = TagListViewController.xib; sourceTree = "<group>"; };
		754532421D066EBE00AEC34C /* FlickrHotTagsViewController.swift */ = {isa = PBXFileReference; fileEncoding = 4; lastKnownFileType = sourcecode.swift; path = FlickrHotTagsViewController.swift; sourceTree = "<group>"; };
		754532441D0675E200AEC34C /* Alertable.swift */ = {isa = PBXFileReference; fileEncoding = 4; lastKnownFileType = sourcecode.swift; path = Alertable.swift; sourceTree = "<group>"; };
		754C20411D041B7E00CA4B34 /* TagCollectionViewCell.swift */ = {isa = PBXFileReference; fileEncoding = 4; lastKnownFileType = sourcecode.swift; path = TagCollectionViewCell.swift; sourceTree = "<group>"; };
		754C20441D041F3D00CA4B34 /* CellReuseIdentifierable.swift */ = {isa = PBXFileReference; fileEncoding = 4; lastKnownFileType = sourcecode.swift; path = CellReuseIdentifierable.swift; sourceTree = "<group>"; };
		754C20461D0424AD00CA4B34 /* CaseCountable.swift */ = {isa = PBXFileReference; fileEncoding = 4; lastKnownFileType = sourcecode.swift; path = CaseCountable.swift; sourceTree = "<group>"; };
		754C20491D043FE200CA4B34 /* SectionHeaderCollectionReusableView.swift */ = {isa = PBXFileReference; fileEncoding = 4; lastKnownFileType = sourcecode.swift; path = SectionHeaderCollectionReusableView.swift; sourceTree = "<group>"; };
		754F1AEF1D024B9400410CA0 /* ApiClientResult.swift */ = {isa = PBXFileReference; fileEncoding = 4; lastKnownFileType = sourcecode.swift; path = ApiClientResult.swift; sourceTree = "<group>"; };
		754F1AF11D024B9400410CA0 /* FlickrApiClient.swift */ = {isa = PBXFileReference; fileEncoding = 4; lastKnownFileType = sourcecode.swift; path = FlickrApiClient.swift; sourceTree = "<group>"; };
		754F1AF21D024B9400410CA0 /* FlickrApiClient+Constants.swift */ = {isa = PBXFileReference; fileEncoding = 4; lastKnownFileType = sourcecode.swift; path = "FlickrApiClient+Constants.swift"; sourceTree = "<group>"; };
		754F1AF31D024B9400410CA0 /* GCDUtils.swift */ = {isa = PBXFileReference; fileEncoding = 4; lastKnownFileType = sourcecode.swift; path = GCDUtils.swift; sourceTree = "<group>"; };
		754F1AF41D024B9400410CA0 /* HttpApiClient.swift */ = {isa = PBXFileReference; fileEncoding = 4; lastKnownFileType = sourcecode.swift; path = HttpApiClient.swift; sourceTree = "<group>"; };
		754F1AF51D024B9400410CA0 /* HttpMethod.swift */ = {isa = PBXFileReference; fileEncoding = 4; lastKnownFileType = sourcecode.swift; path = HttpMethod.swift; sourceTree = "<group>"; };
		754F1AF61D024B9400410CA0 /* JSON.swift */ = {isa = PBXFileReference; fileEncoding = 4; lastKnownFileType = sourcecode.swift; path = JSON.swift; sourceTree = "<group>"; };
		754F1AF81D024B9400410CA0 /* JSONParselable.swift */ = {isa = PBXFileReference; fileEncoding = 4; lastKnownFileType = sourcecode.swift; path = JSONParselable.swift; sourceTree = "<group>"; };
		754F1AF91D024B9400410CA0 /* UIUtils.swift */ = {isa = PBXFileReference; fileEncoding = 4; lastKnownFileType = sourcecode.swift; path = UIUtils.swift; sourceTree = "<group>"; };
		754F1B0A1D024CEA00410CA0 /* Constants.swift */ = {isa = PBXFileReference; fileEncoding = 4; lastKnownFileType = sourcecode.swift; path = Constants.swift; sourceTree = "<group>"; };
		754F1B0D1D025A0C00410CA0 /* FlickrApiClient+Endpoints.swift */ = {isa = PBXFileReference; fileEncoding = 4; lastKnownFileType = sourcecode.swift; path = "FlickrApiClient+Endpoints.swift"; sourceTree = "<group>"; };
		75523B541D0717BB00EBB0FC /* CountPickerViewController.swift */ = {isa = PBXFileReference; fileEncoding = 4; lastKnownFileType = sourcecode.swift; path = CountPickerViewController.swift; sourceTree = "<group>"; };
		75523B551D0717BB00EBB0FC /* CountPickerViewController.xib */ = {isa = PBXFileReference; fileEncoding = 4; lastKnownFileType = file.xib; path = CountPickerViewController.xib; sourceTree = "<group>"; };
		7552DF8A1D013A740032ECFA /* Tagger.app */ = {isa = PBXFileReference; explicitFileType = wrapper.application; includeInIndex = 0; path = Tagger.app; sourceTree = BUILT_PRODUCTS_DIR; };
		7552DF8D1D013A740032ECFA /* AppDelegate.swift */ = {isa = PBXFileReference; lastKnownFileType = sourcecode.swift; path = AppDelegate.swift; sourceTree = "<group>"; };
		7552DF921D013A740032ECFA /* Base */ = {isa = PBXFileReference; lastKnownFileType = file.storyboard; name = Base; path = Base.lproj/Main.storyboard; sourceTree = "<group>"; };
		7552DF941D013A740032ECFA /* Assets.xcassets */ = {isa = PBXFileReference; lastKnownFileType = folder.assetcatalog; path = Assets.xcassets; sourceTree = "<group>"; };
		7552DF971D013A740032ECFA /* Base */ = {isa = PBXFileReference; lastKnownFileType = file.storyboard; name = Base; path = Base.lproj/LaunchScreen.storyboard; sourceTree = "<group>"; };
		7552DF991D013A740032ECFA /* Info.plist */ = {isa = PBXFileReference; lastKnownFileType = text.plist.xml; path = Info.plist; sourceTree = "<group>"; };
		7552DF9E1D013A750032ECFA /* TaggerTests.xctest */ = {isa = PBXFileReference; explicitFileType = wrapper.cfbundle; includeInIndex = 0; path = TaggerTests.xctest; sourceTree = BUILT_PRODUCTS_DIR; };
		7552DFA21D013A750032ECFA /* TaggerTests.swift */ = {isa = PBXFileReference; lastKnownFileType = sourcecode.swift; path = TaggerTests.swift; sourceTree = "<group>"; };
		7552DFA41D013A750032ECFA /* Info.plist */ = {isa = PBXFileReference; lastKnownFileType = text.plist.xml; path = Info.plist; sourceTree = "<group>"; };
		7552DFA91D013A750032ECFA /* TaggerUITests.xctest */ = {isa = PBXFileReference; explicitFileType = wrapper.cfbundle; includeInIndex = 0; path = TaggerUITests.xctest; sourceTree = BUILT_PRODUCTS_DIR; };
		7552DFAD1D013A750032ECFA /* TaggerUITests.swift */ = {isa = PBXFileReference; lastKnownFileType = sourcecode.swift; path = TaggerUITests.swift; sourceTree = "<group>"; };
		7552DFAF1D013A750032ECFA /* Info.plist */ = {isa = PBXFileReference; lastKnownFileType = text.plist.xml; path = Info.plist; sourceTree = "<group>"; };
		7552DFC11D0159F00032ECFA /* DiscoverTagsViewController.swift */ = {isa = PBXFileReference; fileEncoding = 4; lastKnownFileType = sourcecode.swift; path = DiscoverTagsViewController.swift; sourceTree = "<group>"; };
		7552DFC31D015A5D0032ECFA /* ImageTaggerDataSourceViewController.swift */ = {isa = PBXFileReference; fileEncoding = 4; lastKnownFileType = sourcecode.swift; path = ImageTaggerDataSourceViewController.swift; sourceTree = "<group>"; };
		7552DFC71D015AAF0032ECFA /* MoreInfoTableViewController.swift */ = {isa = PBXFileReference; fileEncoding = 4; lastKnownFileType = sourcecode.swift; path = MoreInfoTableViewController.swift; sourceTree = "<group>"; };
		755E38C41D0939580052BA48 /* RandomUtils.swift */ = {isa = PBXFileReference; fileEncoding = 4; lastKnownFileType = sourcecode.swift; path = RandomUtils.swift; sourceTree = "<group>"; };
		756F445E1D2279DE00736C49 /* FlickrUserAccountViewController.swift */ = {isa = PBXFileReference; fileEncoding = 4; lastKnownFileType = sourcecode.swift; path = FlickrUserAccountViewController.swift; sourceTree = "<group>"; };
		756F44601D227FFD00736C49 /* ProfileImageView.swift */ = {isa = PBXFileReference; fileEncoding = 4; lastKnownFileType = sourcecode.swift; path = ProfileImageView.swift; sourceTree = "<group>"; };
		7571F37C1D23950100402518 /* CoreDataStackManager.swift */ = {isa = PBXFileReference; fileEncoding = 4; lastKnownFileType = sourcecode.swift; path = CoreDataStackManager.swift; sourceTree = "<group>"; };
		7571F37D1D23950100402518 /* PathUtils.swift */ = {isa = PBXFileReference; fileEncoding = 4; lastKnownFileType = sourcecode.swift; path = PathUtils.swift; sourceTree = "<group>"; };
		7571F37E1D23950100402518 /* PersistenceCentral.swift */ = {isa = PBXFileReference; fileEncoding = 4; lastKnownFileType = sourcecode.swift; path = PersistenceCentral.swift; sourceTree = "<group>"; };
		7571F37F1D23950100402518 /* UUIDUtils.swift */ = {isa = PBXFileReference; fileEncoding = 4; lastKnownFileType = sourcecode.swift; path = UUIDUtils.swift; sourceTree = "<group>"; };
		7571F3861D23953B00402518 /* Tagger.xcdatamodel */ = {isa = PBXFileReference; lastKnownFileType = wrapper.xcdatamodel; path = Tagger.xcdatamodel; sourceTree = "<group>"; };
		7571F3891D23965400402518 /* Tag.swift */ = {isa = PBXFileReference; fileEncoding = 4; lastKnownFileType = sourcecode.swift; path = Tag.swift; sourceTree = "<group>"; };
		7571F38B1D23965400402518 /* Category.swift */ = {isa = PBXFileReference; fileEncoding = 4; lastKnownFileType = sourcecode.swift; path = Category.swift; sourceTree = "<group>"; };
		7571F3931D23BCD800402518 /* CategoryImage+CoreDataProperties.swift */ = {isa = PBXFileReference; fileEncoding = 4; lastKnownFileType = sourcecode.swift; path = "CategoryImage+CoreDataProperties.swift"; sourceTree = "<group>"; };
		7571F3941D23BCD800402518 /* CategoryImage.swift */ = {isa = PBXFileReference; fileEncoding = 4; lastKnownFileType = sourcecode.swift; path = CategoryImage.swift; sourceTree = "<group>"; };
		7571F39C1D23BD1300402518 /* Tag+CoreDataProperties.swift */ = {isa = PBXFileReference; fileEncoding = 4; lastKnownFileType = sourcecode.swift; path = "Tag+CoreDataProperties.swift"; sourceTree = "<group>"; };
		7571F39F1D23C18900402518 /* Category+CoreDataProperties.swift */ = {isa = PBXFileReference; fileEncoding = 4; lastKnownFileType = sourcecode.swift; path = "Category+CoreDataProperties.swift"; sourceTree = "<group>"; };
		757262DE1D1E2261006DE902 /* IMFlickr.swift */ = {isa = PBXFileReference; fileEncoding = 4; lastKnownFileType = sourcecode.swift; path = IMFlickr.swift; sourceTree = "<group>"; };
		757262E11D1E652E006DE902 /* FlickrCameraRollCollectionViewController.swift */ = {isa = PBXFileReference; fileEncoding = 4; lastKnownFileType = sourcecode.swift; path = FlickrCameraRollCollectionViewController.swift; sourceTree = "<group>"; };
		757262E31D1E6D9E006DE902 /* FlickrCameraRollCollectionViewCell.swift */ = {isa = PBXFileReference; fileEncoding = 4; lastKnownFileType = sourcecode.swift; path = FlickrCameraRollCollectionViewCell.swift; sourceTree = "<group>"; };
		75755C8A1D10FCA6007DE8B8 /* String+Encode.swift */ = {isa = PBXFileReference; fileEncoding = 4; lastKnownFileType = sourcecode.swift; path = "String+Encode.swift"; sourceTree = "<group>"; };
		75755C8C1D10FD1D007DE8B8 /* String+HMACSHA1.swift */ = {isa = PBXFileReference; fileEncoding = 4; lastKnownFileType = sourcecode.swift; path = "String+HMACSHA1.swift"; sourceTree = "<group>"; };
		75755C8E1D10FD83007DE8B8 /* Tagger-Bridging-Header.h */ = {isa = PBXFileReference; lastKnownFileType = sourcecode.c.h; path = "Tagger-Bridging-Header.h"; sourceTree = "<group>"; };
		75755C931D112BDD007DE8B8 /* FlickrOAuth.swift */ = {isa = PBXFileReference; fileEncoding = 4; lastKnownFileType = sourcecode.swift; path = FlickrOAuth.swift; sourceTree = "<group>"; };
		75755C951D1130F5007DE8B8 /* FlickrOAuthViewController.swift */ = {isa = PBXFileReference; fileEncoding = 4; lastKnownFileType = sourcecode.swift; path = FlickrOAuthViewController.swift; sourceTree = "<group>"; };
		7584F34A1D0DABD0008FE98C /* ImaggaApiClient.swift */ = {isa = PBXFileReference; fileEncoding = 4; lastKnownFileType = sourcecode.swift; path = ImaggaApiClient.swift; sourceTree = "<group>"; };
		7584F34D1D0DAFFC008FE98C /* ImaggaApiClient+Endpoints.swift */ = {isa = PBXFileReference; fileEncoding = 4; lastKnownFileType = sourcecode.swift; path = "ImaggaApiClient+Endpoints.swift"; sourceTree = "<group>"; };
		7584F34F1D0DCBFD008FE98C /* NSData+MimeType.swift */ = {isa = PBXFileReference; fileEncoding = 4; lastKnownFileType = sourcecode.swift; path = "NSData+MimeType.swift"; sourceTree = "<group>"; };
		7584F3521D0DCCFA008FE98C /* HttpApiClient+MultipartFormData.swift */ = {isa = PBXFileReference; fileEncoding = 4; lastKnownFileType = sourcecode.swift; path = "HttpApiClient+MultipartFormData.swift"; sourceTree = "<group>"; };
		758EDB4B1D12CB8B00AE6A2B /* FlickrUser.swift */ = {isa = PBXFileReference; fileEncoding = 4; lastKnownFileType = sourcecode.swift; path = FlickrUser.swift; sourceTree = "<group>"; };
		758EDB4D1D12CC2B00AE6A2B /* FlickrOAuthResult.swift */ = {isa = PBXFileReference; fileEncoding = 4; lastKnownFileType = sourcecode.swift; path = FlickrOAuthResult.swift; sourceTree = "<group>"; };
		75991D771D0BC3DE00870189 /* IMImagePickerController.swift */ = {isa = PBXFileReference; fileEncoding = 4; lastKnownFileType = sourcecode.swift; path = IMImagePickerController.swift; sourceTree = "<group>"; };
		75A190A11D09B1BD00D34D0B /* HttpApiClient+Convenience.swift */ = {isa = PBXFileReference; fileEncoding = 4; lastKnownFileType = sourcecode.swift; path = "HttpApiClient+Convenience.swift"; sourceTree = "<group>"; };
		75AA9CD21D2217E500DEB55D /* PasteboardUtils.swift */ = {isa = PBXFileReference; fileEncoding = 4; lastKnownFileType = sourcecode.swift; path = PasteboardUtils.swift; sourceTree = "<group>"; };
		75AA9CD41D22220600DEB55D /* URLSchemeUtils.swift */ = {isa = PBXFileReference; fileEncoding = 4; lastKnownFileType = sourcecode.swift; path = URLSchemeUtils.swift; sourceTree = "<group>"; };
		75D40D161D083DC100E3AB1F /* FlickrAlbum.swift */ = {isa = PBXFileReference; fileEncoding = 4; lastKnownFileType = sourcecode.swift; path = FlickrAlbum.swift; sourceTree = "<group>"; };
		75D40D181D083DF900E3AB1F /* FlickrPhoto.swift */ = {isa = PBXFileReference; fileEncoding = 4; lastKnownFileType = sourcecode.swift; path = FlickrPhoto.swift; sourceTree = "<group>"; };
		75E057381D0FC93700B3A258 /* ImaggaConstants.swift */ = {isa = PBXFileReference; fileEncoding = 4; lastKnownFileType = sourcecode.swift; path = ImaggaConstants.swift; sourceTree = "<group>"; };
		75E0573C1D100D5300B3A258 /* FlickrRelatedTagsViewController.swift */ = {isa = PBXFileReference; fileEncoding = 4; lastKnownFileType = sourcecode.swift; path = FlickrRelatedTagsViewController.swift; sourceTree = "<group>"; };
		75F8DFF4203F5FA200B7EC6A /* JsonApiClient.swift */ = {isa = PBXFileReference; fileEncoding = 4; lastKnownFileType = sourcecode.swift; path = JsonApiClient.swift; sourceTree = "<group>"; };
		75FBA1FC1D21316E006EC31D /* TagListViewControllerUIState.swift */ = {isa = PBXFileReference; fileEncoding = 4; lastKnownFileType = sourcecode.swift; path = TagListViewControllerUIState.swift; sourceTree = "<group>"; };
		F48ED7B664C4DBC8E5EE12FF /* Pods-Tagger.debug.xcconfig */ = {isa = PBXFileReference; includeInIndex = 1; lastKnownFileType = text.xcconfig; name = "Pods-Tagger.debug.xcconfig"; path = "Pods/Target Support Files/Pods-Tagger/Pods-Tagger.debug.xcconfig"; sourceTree = "<group>"; };
/* End PBXFileReference section */

/* Begin PBXFrameworksBuildPhase section */
		7552DF871D013A740032ECFA /* Frameworks */ = {
			isa = PBXFrameworksBuildPhase;
			buildActionMask = 2147483647;
			files = (
				8225B30BCF67BE8D4D1F0A59 /* Pods_Tagger.framework in Frameworks */,
			);
			runOnlyForDeploymentPostprocessing = 0;
		};
		7552DF9B1D013A750032ECFA /* Frameworks */ = {
			isa = PBXFrameworksBuildPhase;
			buildActionMask = 2147483647;
			files = (
			);
			runOnlyForDeploymentPostprocessing = 0;
		};
		7552DFA61D013A750032ECFA /* Frameworks */ = {
			isa = PBXFrameworksBuildPhase;
			buildActionMask = 2147483647;
			files = (
			);
			runOnlyForDeploymentPostprocessing = 0;
		};
/* End PBXFrameworksBuildPhase section */

/* Begin PBXGroup section */
		3B21027FF4D9B0C585A49547 /* Pods */ = {
			isa = PBXGroup;
			children = (
				F48ED7B664C4DBC8E5EE12FF /* Pods-Tagger.debug.xcconfig */,
				65A7249A7666A9DB189642BB /* Pods-Tagger.release.xcconfig */,
			);
			name = Pods;
			sourceTree = "<group>";
		};
		750587F8203F150B00A0935B /* Sources */ = {
			isa = PBXGroup;
			children = (
				7552DF8D1D013A740032ECFA /* AppDelegate.swift */,
				75F8DFBD203F4DF500B7EC6A /* Common */,
				75F8DFC4203F514000B7EC6A /* ViewControllers */,
				75F8DFE8203F5AE400B7EC6A /* Model */,
			);
			path = Sources;
			sourceTree = "<group>";
		};
		750587F9203F151500A0935B /* Resources */ = {
			isa = PBXGroup;
			children = (
				750587FA203F194500A0935B /* Assets */,
				75F8DFBC203F4D9500B7EC6A /* Config */,
				750587FB203F198A00A0935B /* Storyboards */,
			);
			path = Resources;
			sourceTree = "<group>";
		};
		750587FA203F194500A0935B /* Assets */ = {
			isa = PBXGroup;
			children = (
				7552DF941D013A740032ECFA /* Assets.xcassets */,
			);
			path = Assets;
			sourceTree = "<group>";
		};
		750587FB203F198A00A0935B /* Storyboards */ = {
			isa = PBXGroup;
			children = (
				7552DF911D013A740032ECFA /* Main.storyboard */,
				7552DF961D013A740032ECFA /* LaunchScreen.storyboard */,
			);
			path = Storyboards;
			sourceTree = "<group>";
		};
		7552DF811D013A740032ECFA = {
			isa = PBXGroup;
			children = (
				7552DF8C1D013A740032ECFA /* Tagger */,
				7552DFA11D013A750032ECFA /* TaggerTests */,
				7552DFAC1D013A750032ECFA /* TaggerUITests */,
				7552DF8B1D013A740032ECFA /* Products */,
				3B21027FF4D9B0C585A49547 /* Pods */,
				AF3E27BFA54A60C21E995AB2 /* Frameworks */,
			);
			sourceTree = "<group>";
		};
		7552DF8B1D013A740032ECFA /* Products */ = {
			isa = PBXGroup;
			children = (
				7552DF8A1D013A740032ECFA /* Tagger.app */,
				7552DF9E1D013A750032ECFA /* TaggerTests.xctest */,
				7552DFA91D013A750032ECFA /* TaggerUITests.xctest */,
			);
			name = Products;
			sourceTree = "<group>";
		};
		7552DF8C1D013A740032ECFA /* Tagger */ = {
			isa = PBXGroup;
			children = (
				750587F8203F150B00A0935B /* Sources */,
				750587F9203F151500A0935B /* Resources */,
			);
			path = Tagger;
			sourceTree = "<group>";
		};
		7552DFA11D013A750032ECFA /* TaggerTests */ = {
			isa = PBXGroup;
			children = (
				7552DFA21D013A750032ECFA /* TaggerTests.swift */,
				7552DFA41D013A750032ECFA /* Info.plist */,
			);
			path = TaggerTests;
			sourceTree = "<group>";
		};
		7552DFAC1D013A750032ECFA /* TaggerUITests */ = {
			isa = PBXGroup;
			children = (
				7552DFAD1D013A750032ECFA /* TaggerUITests.swift */,
				7552DFAF1D013A750032ECFA /* Info.plist */,
			);
			path = TaggerUITests;
			sourceTree = "<group>";
		};
		75F8DFBC203F4D9500B7EC6A /* Config */ = {
			isa = PBXGroup;
			children = (
				754F1B0A1D024CEA00410CA0 /* Constants.swift */,
				7552DF991D013A740032ECFA /* Info.plist */,
				75755C8E1D10FD83007DE8B8 /* Tagger-Bridging-Header.h */,
			);
			path = Config;
			sourceTree = "<group>";
		};
		75F8DFBD203F4DF500B7EC6A /* Common */ = {
			isa = PBXGroup;
			children = (
				75F8DFD3203F561D00B7EC6A /* Helpers */,
				75F8DFBE203F4E0900B7EC6A /* Views */,
				75F8DFE0203F58CF00B7EC6A /* Extensions */,
				75F8DFE6203F598000B7EC6A /* Protocols */,
			);
			path = Common;
			sourceTree = "<group>";
		};
		75F8DFBE203F4E0900B7EC6A /* Views */ = {
			isa = PBXGroup;
			children = (
				75F8DFBF203F504E00B7EC6A /* TagCollectionViewCell */,
				75F8DFC0203F505A00B7EC6A /* SectionHeaderCollectionReusableView */,
				75F8DFC1203F506600B7EC6A /* FlickrCameraRollCollectionViewCell */,
				75F8DFC2203F506E00B7EC6A /* HashtagsTextView */,
				75F8DFC3203F507D00B7EC6A /* ProfileImageView */,
			);
			path = Views;
			sourceTree = "<group>";
		};
		75F8DFBF203F504E00B7EC6A /* TagCollectionViewCell */ = {
			isa = PBXGroup;
			children = (
				754C20411D041B7E00CA4B34 /* TagCollectionViewCell.swift */,
			);
			path = TagCollectionViewCell;
			sourceTree = "<group>";
		};
		75F8DFC0203F505A00B7EC6A /* SectionHeaderCollectionReusableView */ = {
			isa = PBXGroup;
			children = (
				754C20491D043FE200CA4B34 /* SectionHeaderCollectionReusableView.swift */,
			);
			path = SectionHeaderCollectionReusableView;
			sourceTree = "<group>";
		};
		75F8DFC1203F506600B7EC6A /* FlickrCameraRollCollectionViewCell */ = {
			isa = PBXGroup;
			children = (
				757262E31D1E6D9E006DE902 /* FlickrCameraRollCollectionViewCell.swift */,
			);
			path = FlickrCameraRollCollectionViewCell;
			sourceTree = "<group>";
		};
		75F8DFC2203F506E00B7EC6A /* HashtagsTextView */ = {
			isa = PBXGroup;
			children = (
				750A9D191D20E64D008501EF /* HashtagsTextView.swift */,
			);
			path = HashtagsTextView;
			sourceTree = "<group>";
		};
		75F8DFC3203F507D00B7EC6A /* ProfileImageView */ = {
			isa = PBXGroup;
			children = (
				756F44601D227FFD00736C49 /* ProfileImageView.swift */,
			);
			path = ProfileImageView;
			sourceTree = "<group>";
		};
		75F8DFC4203F514000B7EC6A /* ViewControllers */ = {
			isa = PBXGroup;
			children = (
				75F8DFCA203F528500B7EC6A /* Discover */,
				75F8DFD1203F54A400B7EC6A /* Tagging */,
				75F8DFCE203F53EB00B7EC6A /* More */,
			);
			path = ViewControllers;
			sourceTree = "<group>";
		};
		75F8DFCA203F528500B7EC6A /* Discover */ = {
			isa = PBXGroup;
			children = (
				75F8DFCB203F52A900B7EC6A /* Tags */,
				75F8DFCC203F52F900B7EC6A /* CountPicker */,
				7552DFC11D0159F00032ECFA /* DiscoverTagsViewController.swift */,
			);
			path = Discover;
			sourceTree = "<group>";
		};
		75F8DFCB203F52A900B7EC6A /* Tags */ = {
			isa = PBXGroup;
			children = (
				75F8DFCD203F538500B7EC6A /* Base */,
				754532421D066EBE00AEC34C /* FlickrHotTagsViewController.swift */,
				75E0573C1D100D5300B3A258 /* FlickrRelatedTagsViewController.swift */,
			);
			path = Tags;
			sourceTree = "<group>";
		};
		75F8DFCC203F52F900B7EC6A /* CountPicker */ = {
			isa = PBXGroup;
			children = (
				75523B541D0717BB00EBB0FC /* CountPickerViewController.swift */,
				75523B551D0717BB00EBB0FC /* CountPickerViewController.xib */,
			);
			path = CountPicker;
			sourceTree = "<group>";
		};
		75F8DFCD203F538500B7EC6A /* Base */ = {
			isa = PBXGroup;
			children = (
				754532341D063F4000AEC34C /* TagListViewController.swift */,
				75FBA1FC1D21316E006EC31D /* TagListViewControllerUIState.swift */,
				7545323F1D0669D700AEC34C /* TagListViewController.xib */,
			);
			name = Base;
			sourceTree = "<group>";
		};
		75F8DFCE203F53EB00B7EC6A /* More */ = {
			isa = PBXGroup;
			children = (
				7552DFC71D015AAF0032ECFA /* MoreInfoTableViewController.swift */,
				75F8DFCF203F547600B7EC6A /* Category */,
				75F8DFD0203F548E00B7EC6A /* Profile */,
			);
			path = More;
			sourceTree = "<group>";
		};
		75F8DFCF203F547600B7EC6A /* Category */ = {
			isa = PBXGroup;
			children = (
				7524C0421D251E000004D6CE /* CategoriesTableViewController.swift */,
				7524C0441D25204F0004D6CE /* ManageCategoryTableViewController.swift */,
			);
			path = Category;
			sourceTree = "<group>";
		};
		75F8DFD0203F548E00B7EC6A /* Profile */ = {
			isa = PBXGroup;
			children = (
				756F445E1D2279DE00736C49 /* FlickrUserAccountViewController.swift */,
			);
			path = Profile;
			sourceTree = "<group>";
		};
		75F8DFD1203F54A400B7EC6A /* Tagging */ = {
			isa = PBXGroup;
			children = (
				7552DFC31D015A5D0032ECFA /* ImageTaggerDataSourceViewController.swift */,
				7543E4071D0BF01800A14B10 /* ImageTaggerViewController.swift */,
				75F8DFD2203F54E700B7EC6A /* ImageProviders */,
			);
			path = Tagging;
			sourceTree = "<group>";
		};
		75F8DFD2203F54E700B7EC6A /* ImageProviders */ = {
			isa = PBXGroup;
			children = (
				757262E11D1E652E006DE902 /* FlickrCameraRollCollectionViewController.swift */,
				75991D771D0BC3DE00870189 /* IMImagePickerController.swift */,
			);
			path = ImageProviders;
			sourceTree = "<group>";
		};
		75F8DFD3203F561D00B7EC6A /* Helpers */ = {
			isa = PBXGroup;
			children = (
				75F8DFE7203F59E000B7EC6A /* Utility */,
				75F8DFD4203F565C00B7EC6A /* WebService */,
			);
			path = Helpers;
			sourceTree = "<group>";
		};
		75F8DFD4203F565C00B7EC6A /* WebService */ = {
			isa = PBXGroup;
			children = (
				75F8DFD5203F568400B7EC6A /* Base */,
				75F8DFD6203F56A400B7EC6A /* Flickr */,
				75F8DFD9203F570200B7EC6A /* Imagga */,
			);
			path = WebService;
			sourceTree = "<group>";
		};
		75F8DFD5203F568400B7EC6A /* Base */ = {
			isa = PBXGroup;
			children = (
				75F8DFDB203F574100B7EC6A /* HTTP */,
				75F8DFF3203F5F9700B7EC6A /* JSON */,
				7514BDEB1D03B56A004A2E20 /* IMApiClient.swift */,
				754F1AEF1D024B9400410CA0 /* ApiClientResult.swift */,
			);
			path = Base;
			sourceTree = "<group>";
		};
		75F8DFD6203F56A400B7EC6A /* Flickr */ = {
			isa = PBXGroup;
			children = (
				757262DE1D1E2261006DE902 /* IMFlickr.swift */,
				75F8DFD7203F56B300B7EC6A /* API */,
				75F8DFD8203F56C800B7EC6A /* OAuth */,
			);
			path = Flickr;
			sourceTree = "<group>";
		};
		75F8DFD7203F56B300B7EC6A /* API */ = {
			isa = PBXGroup;
			children = (
				754F1AF11D024B9400410CA0 /* FlickrApiClient.swift */,
				754F1B0D1D025A0C00410CA0 /* FlickrApiClient+Endpoints.swift */,
				754F1AF21D024B9400410CA0 /* FlickrApiClient+Constants.swift */,
			);
			path = API;
			sourceTree = "<group>";
		};
		75F8DFD8203F56C800B7EC6A /* OAuth */ = {
			isa = PBXGroup;
			children = (
				75755C931D112BDD007DE8B8 /* FlickrOAuth.swift */,
				75755C951D1130F5007DE8B8 /* FlickrOAuthViewController.swift */,
				758EDB4D1D12CC2B00AE6A2B /* FlickrOAuthResult.swift */,
			);
			path = OAuth;
			sourceTree = "<group>";
		};
		75F8DFD9203F570200B7EC6A /* Imagga */ = {
			isa = PBXGroup;
			children = (
				7584F34A1D0DABD0008FE98C /* ImaggaApiClient.swift */,
				7584F34D1D0DAFFC008FE98C /* ImaggaApiClient+Endpoints.swift */,
				75E057381D0FC93700B3A258 /* ImaggaConstants.swift */,
			);
			path = Imagga;
			sourceTree = "<group>";
		};
		75F8DFDB203F574100B7EC6A /* HTTP */ = {
			isa = PBXGroup;
			children = (
				754F1AF51D024B9400410CA0 /* HttpMethod.swift */,
				754F1AF41D024B9400410CA0 /* HttpApiClient.swift */,
				75A190A11D09B1BD00D34D0B /* HttpApiClient+Convenience.swift */,
				7584F3521D0DCCFA008FE98C /* HttpApiClient+MultipartFormData.swift */,
			);
			name = HTTP;
			sourceTree = "<group>";
		};
		75F8DFE0203F58CF00B7EC6A /* Extensions */ = {
			isa = PBXGroup;
			children = (
				75F8DFE1203F58E500B7EC6A /* UIKit */,
				75F8DFE2203F58EB00B7EC6A /* Foundation */,
			);
			path = Extensions;
			sourceTree = "<group>";
		};
		75F8DFE1203F58E500B7EC6A /* UIKit */ = {
			isa = PBXGroup;
			children = (
				75F8DFE5203F594200B7EC6A /* UIViewController */,
			);
			path = UIKit;
			sourceTree = "<group>";
		};
		75F8DFE2203F58EB00B7EC6A /* Foundation */ = {
			isa = PBXGroup;
			children = (
				75F8DFE4203F592300B7EC6A /* String */,
				75F8DFE3203F591600B7EC6A /* Data */,
			);
			path = Foundation;
			sourceTree = "<group>";
		};
		75F8DFE3203F591600B7EC6A /* Data */ = {
			isa = PBXGroup;
			children = (
				7584F34F1D0DCBFD008FE98C /* NSData+MimeType.swift */,
			);
			path = Data;
			sourceTree = "<group>";
		};
		75F8DFE4203F592300B7EC6A /* String */ = {
			isa = PBXGroup;
			children = (
				75755C8A1D10FCA6007DE8B8 /* String+Encode.swift */,
				75755C8C1D10FD1D007DE8B8 /* String+HMACSHA1.swift */,
			);
			path = String;
			sourceTree = "<group>";
		};
		75F8DFE5203F594200B7EC6A /* UIViewController */ = {
			isa = PBXGroup;
			children = (
				750A9D1B1D20E8F8008501EF /* UIViewController+TabBarHidable.swift */,
			);
			path = UIViewController;
			sourceTree = "<group>";
		};
		75F8DFE6203F598000B7EC6A /* Protocols */ = {
			isa = PBXGroup;
			children = (
				754C20441D041F3D00CA4B34 /* CellReuseIdentifierable.swift */,
				754C20461D0424AD00CA4B34 /* CaseCountable.swift */,
				754532441D0675E200AEC34C /* Alertable.swift */,
			);
			path = Protocols;
			sourceTree = "<group>";
		};
		75F8DFE7203F59E000B7EC6A /* Utility */ = {
			isa = PBXGroup;
			children = (
				754F1AF91D024B9400410CA0 /* UIUtils.swift */,
				755E38C41D0939580052BA48 /* RandomUtils.swift */,
				754F1AF31D024B9400410CA0 /* GCDUtils.swift */,
				75AA9CD21D2217E500DEB55D /* PasteboardUtils.swift */,
				75AA9CD41D22220600DEB55D /* URLSchemeUtils.swift */,
				7571F37D1D23950100402518 /* PathUtils.swift */,
				7571F37F1D23950100402518 /* UUIDUtils.swift */,
			);
			path = Utility;
			sourceTree = "<group>";
		};
		75F8DFE8203F5AE400B7EC6A /* Model */ = {
			isa = PBXGroup;
			children = (
				75F8DFEE203F5BB400B7EC6A /* PlainObjects */,
				75F8DFEA203F5B3200B7EC6A /* Entities */,
				75F8DFE9203F5B0E00B7EC6A /* Helpers */,
			);
			path = Model;
			sourceTree = "<group>";
		};
		75F8DFE9203F5B0E00B7EC6A /* Helpers */ = {
			isa = PBXGroup;
			children = (
				75F8DFF1203F5C1700B7EC6A /* JSON */,
				75F8DFF2203F5C2400B7EC6A /* CoreData */,
			);
			path = Helpers;
			sourceTree = "<group>";
		};
		75F8DFEA203F5B3200B7EC6A /* Entities */ = {
			isa = PBXGroup;
			children = (
				75F8DFEB203F5B5400B7EC6A /* Category */,
				75F8DFEC203F5B5C00B7EC6A /* Image */,
				75F8DFED203F5B6A00B7EC6A /* Tag */,
			);
			path = Entities;
			sourceTree = "<group>";
		};
		75F8DFEB203F5B5400B7EC6A /* Category */ = {
			isa = PBXGroup;
			children = (
				7571F38B1D23965400402518 /* Category.swift */,
				7571F39F1D23C18900402518 /* Category+CoreDataProperties.swift */,
			);
			path = Category;
			sourceTree = "<group>";
		};
		75F8DFEC203F5B5C00B7EC6A /* Image */ = {
			isa = PBXGroup;
			children = (
				7571F3941D23BCD800402518 /* CategoryImage.swift */,
				7571F3931D23BCD800402518 /* CategoryImage+CoreDataProperties.swift */,
			);
			path = Image;
			sourceTree = "<group>";
		};
		75F8DFED203F5B6A00B7EC6A /* Tag */ = {
			isa = PBXGroup;
			children = (
				7571F3891D23965400402518 /* Tag.swift */,
				7571F39C1D23BD1300402518 /* Tag+CoreDataProperties.swift */,
			);
			path = Tag;
			sourceTree = "<group>";
		};
		75F8DFEE203F5BB400B7EC6A /* PlainObjects */ = {
			isa = PBXGroup;
			children = (
				75F8DFEF203F5BE100B7EC6A /* Flickr */,
				75F8DFF0203F5BF400B7EC6A /* Imagga */,
			);
			path = PlainObjects;
			sourceTree = "<group>";
		};
		75F8DFEF203F5BE100B7EC6A /* Flickr */ = {
			isa = PBXGroup;
			children = (
				7514BDE91D03AB46004A2E20 /* FlickrTag.swift */,
				75D40D161D083DC100E3AB1F /* FlickrAlbum.swift */,
				75D40D181D083DF900E3AB1F /* FlickrPhoto.swift */,
				758EDB4B1D12CB8B00AE6A2B /* FlickrUser.swift */,
				75388C9E1D22BB5400618D85 /* FlickrPersonInfo.swift */,
			);
			path = Flickr;
			sourceTree = "<group>";
		};
		75F8DFF0203F5BF400B7EC6A /* Imagga */ = {
			isa = PBXGroup;
			children = (
				750DF2F41D0ECE8A002A95B6 /* ImaggaTag.swift */,
			);
			path = Imagga;
			sourceTree = "<group>";
		};
		75F8DFF1203F5C1700B7EC6A /* JSON */ = {
			isa = PBXGroup;
			children = (
				754F1AF61D024B9400410CA0 /* JSON.swift */,
				754F1AF81D024B9400410CA0 /* JSONParselable.swift */,
			);
			path = JSON;
			sourceTree = "<group>";
		};
		75F8DFF2203F5C2400B7EC6A /* CoreData */ = {
			isa = PBXGroup;
			children = (
				7571F37E1D23950100402518 /* PersistenceCentral.swift */,
				7571F37C1D23950100402518 /* CoreDataStackManager.swift */,
				7524C0461D2576010004D6CE /* EntityType.swift */,
				7571F3851D23953B00402518 /* Tagger.xcdatamodeld */,
			);
			path = CoreData;
			sourceTree = "<group>";
		};
		75F8DFF3203F5F9700B7EC6A /* JSON */ = {
			isa = PBXGroup;
			children = (
				75F8DFF4203F5FA200B7EC6A /* JsonApiClient.swift */,
			);
			name = JSON;
			sourceTree = "<group>";
		};
		AF3E27BFA54A60C21E995AB2 /* Frameworks */ = {
			isa = PBXGroup;
			children = (
				439B858E84410900C822A0DA /* Pods_Tagger.framework */,
			);
			name = Frameworks;
			sourceTree = "<group>";
		};
/* End PBXGroup section */

/* Begin PBXNativeTarget section */
		7552DF891D013A740032ECFA /* Tagger */ = {
			isa = PBXNativeTarget;
			buildConfigurationList = 7552DFB21D013A750032ECFA /* Build configuration list for PBXNativeTarget "Tagger" */;
			buildPhases = (
				00F511488B3F0F287C3257D2 /* [CP] Check Pods Manifest.lock */,
				7552DF861D013A740032ECFA /* Sources */,
				7552DF871D013A740032ECFA /* Frameworks */,
				7552DF881D013A740032ECFA /* Resources */,
				752520641D1ECF710047AB57 /* ShellScript */,
				3068D2F4895C57A181E86B8D /* [CP] Embed Pods Frameworks */,
				56CD2C8FD6EE3DFC56BA7029 /* [CP] Copy Pods Resources */,
			);
			buildRules = (
			);
			dependencies = (
			);
			name = Tagger;
			productName = Tagger;
			productReference = 7552DF8A1D013A740032ECFA /* Tagger.app */;
			productType = "com.apple.product-type.application";
		};
		7552DF9D1D013A750032ECFA /* TaggerTests */ = {
			isa = PBXNativeTarget;
			buildConfigurationList = 7552DFB51D013A750032ECFA /* Build configuration list for PBXNativeTarget "TaggerTests" */;
			buildPhases = (
				7552DF9A1D013A750032ECFA /* Sources */,
				7552DF9B1D013A750032ECFA /* Frameworks */,
				7552DF9C1D013A750032ECFA /* Resources */,
			);
			buildRules = (
			);
			dependencies = (
				7552DFA01D013A750032ECFA /* PBXTargetDependency */,
			);
			name = TaggerTests;
			productName = TaggerTests;
			productReference = 7552DF9E1D013A750032ECFA /* TaggerTests.xctest */;
			productType = "com.apple.product-type.bundle.unit-test";
		};
		7552DFA81D013A750032ECFA /* TaggerUITests */ = {
			isa = PBXNativeTarget;
			buildConfigurationList = 7552DFB81D013A750032ECFA /* Build configuration list for PBXNativeTarget "TaggerUITests" */;
			buildPhases = (
				7552DFA51D013A750032ECFA /* Sources */,
				7552DFA61D013A750032ECFA /* Frameworks */,
				7552DFA71D013A750032ECFA /* Resources */,
			);
			buildRules = (
			);
			dependencies = (
				7552DFAB1D013A750032ECFA /* PBXTargetDependency */,
			);
			name = TaggerUITests;
			productName = TaggerUITests;
			productReference = 7552DFA91D013A750032ECFA /* TaggerUITests.xctest */;
			productType = "com.apple.product-type.bundle.ui-testing";
		};
/* End PBXNativeTarget section */

/* Begin PBXProject section */
		7552DF821D013A740032ECFA /* Project object */ = {
			isa = PBXProject;
			attributes = {
				LastSwiftUpdateCheck = 0730;
				LastUpgradeCheck = 0920;
				ORGANIZATIONNAME = "Ivan Magda";
				TargetAttributes = {
					7552DF891D013A740032ECFA = {
						CreatedOnToolsVersion = 7.3.1;
						DevelopmentTeam = 6UNHY8UY6E;
						LastSwiftMigration = 0920;
						ProvisioningStyle = Manual;
					};
					7552DF9D1D013A750032ECFA = {
						CreatedOnToolsVersion = 7.3.1;
						LastSwiftMigration = 0920;
						TestTargetID = 7552DF891D013A740032ECFA;
					};
					7552DFA81D013A750032ECFA = {
						CreatedOnToolsVersion = 7.3.1;
						LastSwiftMigration = 0920;
						TestTargetID = 7552DF891D013A740032ECFA;
					};
				};
			};
			buildConfigurationList = 7552DF851D013A740032ECFA /* Build configuration list for PBXProject "Tagger" */;
			compatibilityVersion = "Xcode 3.2";
			developmentRegion = English;
			hasScannedForEncodings = 0;
			knownRegions = (
				en,
				Base,
			);
			mainGroup = 7552DF811D013A740032ECFA;
			productRefGroup = 7552DF8B1D013A740032ECFA /* Products */;
			projectDirPath = "";
			projectRoot = "";
			targets = (
				7552DF891D013A740032ECFA /* Tagger */,
				7552DF9D1D013A750032ECFA /* TaggerTests */,
				7552DFA81D013A750032ECFA /* TaggerUITests */,
			);
		};
/* End PBXProject section */

/* Begin PBXResourcesBuildPhase section */
		7552DF881D013A740032ECFA /* Resources */ = {
			isa = PBXResourcesBuildPhase;
			buildActionMask = 2147483647;
			files = (
				7552DF981D013A740032ECFA /* LaunchScreen.storyboard in Resources */,
				75523B571D0717BB00EBB0FC /* CountPickerViewController.xib in Resources */,
				754532411D0669D700AEC34C /* TagListViewController.xib in Resources */,
				7552DF951D013A740032ECFA /* Assets.xcassets in Resources */,
				7552DF931D013A740032ECFA /* Main.storyboard in Resources */,
			);
			runOnlyForDeploymentPostprocessing = 0;
		};
		7552DF9C1D013A750032ECFA /* Resources */ = {
			isa = PBXResourcesBuildPhase;
			buildActionMask = 2147483647;
			files = (
			);
			runOnlyForDeploymentPostprocessing = 0;
		};
		7552DFA71D013A750032ECFA /* Resources */ = {
			isa = PBXResourcesBuildPhase;
			buildActionMask = 2147483647;
			files = (
			);
			runOnlyForDeploymentPostprocessing = 0;
		};
/* End PBXResourcesBuildPhase section */

/* Begin PBXShellScriptBuildPhase section */
		00F511488B3F0F287C3257D2 /* [CP] Check Pods Manifest.lock */ = {
			isa = PBXShellScriptBuildPhase;
			buildActionMask = 2147483647;
			files = (
			);
			inputPaths = (
				"${PODS_PODFILE_DIR_PATH}/Podfile.lock",
				"${PODS_ROOT}/Manifest.lock",
			);
			name = "[CP] Check Pods Manifest.lock";
			outputPaths = (
				"$(DERIVED_FILE_DIR)/Pods-Tagger-checkManifestLockResult.txt",
			);
			runOnlyForDeploymentPostprocessing = 0;
			shellPath = /bin/sh;
			shellScript = "diff \"${PODS_PODFILE_DIR_PATH}/Podfile.lock\" \"${PODS_ROOT}/Manifest.lock\" > /dev/null\nif [ $? != 0 ] ; then\n    # print error to STDERR\n    echo \"error: The sandbox is not in sync with the Podfile.lock. Run 'pod install' or update your CocoaPods installation.\" >&2\n    exit 1\nfi\n# This output is used by Xcode 'outputs' to avoid re-running this script phase.\necho \"SUCCESS\" > \"${SCRIPT_OUTPUT_FILE_0}\"\n";
			showEnvVarsInLog = 0;
		};
		3068D2F4895C57A181E86B8D /* [CP] Embed Pods Frameworks */ = {
			isa = PBXShellScriptBuildPhase;
			buildActionMask = 2147483647;
			files = (
			);
			inputPaths = (
				"${SRCROOT}/Pods/Target Support Files/Pods-Tagger/Pods-Tagger-frameworks.sh",
				"${BUILT_PRODUCTS_DIR}/KeychainSwift/KeychainSwift.framework",
			);
			name = "[CP] Embed Pods Frameworks";
			outputPaths = (
				"${TARGET_BUILD_DIR}/${FRAMEWORKS_FOLDER_PATH}/KeychainSwift.framework",
			);
			runOnlyForDeploymentPostprocessing = 0;
			shellPath = /bin/sh;
			shellScript = "\"${SRCROOT}/Pods/Target Support Files/Pods-Tagger/Pods-Tagger-frameworks.sh\"\n";
			showEnvVarsInLog = 0;
		};
		56CD2C8FD6EE3DFC56BA7029 /* [CP] Copy Pods Resources */ = {
			isa = PBXShellScriptBuildPhase;
			buildActionMask = 2147483647;
			files = (
			);
			inputPaths = (
			);
			name = "[CP] Copy Pods Resources";
			outputPaths = (
			);
			runOnlyForDeploymentPostprocessing = 0;
			shellPath = /bin/sh;
			shellScript = "\"${SRCROOT}/Pods/Target Support Files/Pods-Tagger/Pods-Tagger-resources.sh\"\n";
			showEnvVarsInLog = 0;
		};
		752520641D1ECF710047AB57 /* ShellScript */ = {
			isa = PBXShellScriptBuildPhase;
			buildActionMask = 2147483647;
			files = (
			);
			inputPaths = (
			);
			outputPaths = (
			);
			runOnlyForDeploymentPostprocessing = 0;
			shellPath = /bin/sh;
			shellScript = "if [ \"${CONFIGURATION}\" = \"Debug\" ]; then\nTAGS=\"TODO:|FIXME:\"\necho \"searching ${SRCROOT} for ${TAGS}\"\nfind \"${SRCROOT}\" \\( -name \"*.swift\" \\) -print0 | xargs -0 egrep --with-filename --line-number --only-matching \"($TAGS).*\\$\" | perl -p -e \"s/($TAGS)/ warning: \\$1/\"\nfi";
		};
/* End PBXShellScriptBuildPhase section */

/* Begin PBXSourcesBuildPhase section */
		7552DF861D013A740032ECFA /* Sources */ = {
			isa = PBXSourcesBuildPhase;
			buildActionMask = 2147483647;
			files = (
				7571F38D1D23965400402518 /* Tag.swift in Sources */,
				75D40D171D083DC100E3AB1F /* FlickrAlbum.swift in Sources */,
				754F1B0B1D024CEA00410CA0 /* Constants.swift in Sources */,
				75AA9CD31D2217E500DEB55D /* PasteboardUtils.swift in Sources */,
				754F1B011D024B9400410CA0 /* JSON.swift in Sources */,
				7571F3971D23BCD800402518 /* CategoryImage+CoreDataProperties.swift in Sources */,
				75AA9CD51D22220600DEB55D /* URLSchemeUtils.swift in Sources */,
				75E057391D0FC93700B3A258 /* ImaggaConstants.swift in Sources */,
				756F445F1D2279DE00736C49 /* FlickrUserAccountViewController.swift in Sources */,
				75755C941D112BDD007DE8B8 /* FlickrOAuth.swift in Sources */,
				75755C8B1D10FCA6007DE8B8 /* String+Encode.swift in Sources */,
				75755C971D1130F5007DE8B8 /* FlickrOAuthViewController.swift in Sources */,
				755E38C51D0939580052BA48 /* RandomUtils.swift in Sources */,
				7584F34E1D0DAFFC008FE98C /* ImaggaApiClient+Endpoints.swift in Sources */,
				754C204A1D043FE200CA4B34 /* SectionHeaderCollectionReusableView.swift in Sources */,
				75755C8D1D10FD1D007DE8B8 /* String+HMACSHA1.swift in Sources */,
				754F1B001D024B9400410CA0 /* HttpMethod.swift in Sources */,
				7571F3871D23953B00402518 /* Tagger.xcdatamodeld in Sources */,
				7571F39E1D23BD1300402518 /* Tag+CoreDataProperties.swift in Sources */,
				754C20451D041F3D00CA4B34 /* CellReuseIdentifierable.swift in Sources */,
				75523B561D0717BB00EBB0FC /* CountPickerViewController.swift in Sources */,
				7571F3821D23950100402518 /* PersistenceCentral.swift in Sources */,
				754F1AFD1D024B9400410CA0 /* FlickrApiClient+Constants.swift in Sources */,
				754F1AFE1D024B9400410CA0 /* GCDUtils.swift in Sources */,
				75D40D191D083DF900E3AB1F /* FlickrPhoto.swift in Sources */,
				7584F3501D0DCBFD008FE98C /* NSData+MimeType.swift in Sources */,
				750A9D1C1D20E8F8008501EF /* UIViewController+TabBarHidable.swift in Sources */,
				75F8DFF5203F5FA200B7EC6A /* JsonApiClient.swift in Sources */,
				754F1AFA1D024B9400410CA0 /* ApiClientResult.swift in Sources */,
				7571F3811D23950100402518 /* PathUtils.swift in Sources */,
				7514BDEA1D03AB46004A2E20 /* FlickrTag.swift in Sources */,
				7552DFC21D0159F00032ECFA /* DiscoverTagsViewController.swift in Sources */,
				75E0573D1D100D5300B3A258 /* FlickrRelatedTagsViewController.swift in Sources */,
				7584F3531D0DCCFA008FE98C /* HttpApiClient+MultipartFormData.swift in Sources */,
				754532431D066EBE00AEC34C /* FlickrHotTagsViewController.swift in Sources */,
				75388C9F1D22BB5400618D85 /* FlickrPersonInfo.swift in Sources */,
				757262DF1D1E2261006DE902 /* IMFlickr.swift in Sources */,
				758EDB4C1D12CB8B00AE6A2B /* FlickrUser.swift in Sources */,
				754F1B041D024B9400410CA0 /* UIUtils.swift in Sources */,
				7552DFC41D015A5D0032ECFA /* ImageTaggerDataSourceViewController.swift in Sources */,
				754F1AFF1D024B9400410CA0 /* HttpApiClient.swift in Sources */,
				7514BDEC1D03B56A004A2E20 /* IMApiClient.swift in Sources */,
				7524C0471D2576010004D6CE /* EntityType.swift in Sources */,
				750A9D1A1D20E64D008501EF /* HashtagsTextView.swift in Sources */,
				75991D781D0BC3DE00870189 /* IMImagePickerController.swift in Sources */,
				757262E21D1E652E006DE902 /* FlickrCameraRollCollectionViewController.swift in Sources */,
				758EDB4E1D12CC2B00AE6A2B /* FlickrOAuthResult.swift in Sources */,
				754F1AFC1D024B9400410CA0 /* FlickrApiClient.swift in Sources */,
				7571F3831D23950100402518 /* UUIDUtils.swift in Sources */,
				7543E4081D0BF01800A14B10 /* ImageTaggerViewController.swift in Sources */,
				7571F3801D23950100402518 /* CoreDataStackManager.swift in Sources */,
				75FBA1FD1D21316E006EC31D /* TagListViewControllerUIState.swift in Sources */,
				75A190A21D09B1BD00D34D0B /* HttpApiClient+Convenience.swift in Sources */,
				754F1B031D024B9400410CA0 /* JSONParselable.swift in Sources */,
				756F44611D227FFD00736C49 /* ProfileImageView.swift in Sources */,
				750DF2F51D0ECE8A002A95B6 /* ImaggaTag.swift in Sources */,
				7571F3981D23BCD800402518 /* CategoryImage.swift in Sources */,
				754532451D0675E200AEC34C /* Alertable.swift in Sources */,
				7552DFC81D015AAF0032ECFA /* MoreInfoTableViewController.swift in Sources */,
				754C20471D0424AD00CA4B34 /* CaseCountable.swift in Sources */,
				7571F3A01D23C18900402518 /* Category+CoreDataProperties.swift in Sources */,
				7552DF8E1D013A740032ECFA /* AppDelegate.swift in Sources */,
				754C20421D041B7E00CA4B34 /* TagCollectionViewCell.swift in Sources */,
				754532351D063F4000AEC34C /* TagListViewController.swift in Sources */,
				757262E41D1E6D9E006DE902 /* FlickrCameraRollCollectionViewCell.swift in Sources */,
				7524C0451D25204F0004D6CE /* ManageCategoryTableViewController.swift in Sources */,
				754F1B0E1D025A0C00410CA0 /* FlickrApiClient+Endpoints.swift in Sources */,
				7584F34B1D0DABD0008FE98C /* ImaggaApiClient.swift in Sources */,
				7571F38F1D23965400402518 /* Category.swift in Sources */,
				7524C0431D251E000004D6CE /* CategoriesTableViewController.swift in Sources */,
			);
			runOnlyForDeploymentPostprocessing = 0;
		};
		7552DF9A1D013A750032ECFA /* Sources */ = {
			isa = PBXSourcesBuildPhase;
			buildActionMask = 2147483647;
			files = (
				7552DFA31D013A750032ECFA /* TaggerTests.swift in Sources */,
			);
			runOnlyForDeploymentPostprocessing = 0;
		};
		7552DFA51D013A750032ECFA /* Sources */ = {
			isa = PBXSourcesBuildPhase;
			buildActionMask = 2147483647;
			files = (
				7552DFAE1D013A750032ECFA /* TaggerUITests.swift in Sources */,
			);
			runOnlyForDeploymentPostprocessing = 0;
		};
/* End PBXSourcesBuildPhase section */

/* Begin PBXTargetDependency section */
		7552DFA01D013A750032ECFA /* PBXTargetDependency */ = {
			isa = PBXTargetDependency;
			target = 7552DF891D013A740032ECFA /* Tagger */;
			targetProxy = 7552DF9F1D013A750032ECFA /* PBXContainerItemProxy */;
		};
		7552DFAB1D013A750032ECFA /* PBXTargetDependency */ = {
			isa = PBXTargetDependency;
			target = 7552DF891D013A740032ECFA /* Tagger */;
			targetProxy = 7552DFAA1D013A750032ECFA /* PBXContainerItemProxy */;
		};
/* End PBXTargetDependency section */

/* Begin PBXVariantGroup section */
		7552DF911D013A740032ECFA /* Main.storyboard */ = {
			isa = PBXVariantGroup;
			children = (
				7552DF921D013A740032ECFA /* Base */,
			);
			name = Main.storyboard;
			sourceTree = "<group>";
		};
		7552DF961D013A740032ECFA /* LaunchScreen.storyboard */ = {
			isa = PBXVariantGroup;
			children = (
				7552DF971D013A740032ECFA /* Base */,
			);
			name = LaunchScreen.storyboard;
			sourceTree = "<group>";
		};
/* End PBXVariantGroup section */

/* Begin XCBuildConfiguration section */
		7552DFB01D013A750032ECFA /* Debug */ = {
			isa = XCBuildConfiguration;
			buildSettings = {
				ALWAYS_SEARCH_USER_PATHS = NO;
				CLANG_ANALYZER_NONNULL = YES;
				CLANG_CXX_LANGUAGE_STANDARD = "gnu++0x";
				CLANG_CXX_LIBRARY = "libc++";
				CLANG_ENABLE_MODULES = YES;
				CLANG_ENABLE_OBJC_ARC = YES;
				CLANG_WARN_BLOCK_CAPTURE_AUTORELEASING = YES;
				CLANG_WARN_BOOL_CONVERSION = YES;
				CLANG_WARN_COMMA = YES;
				CLANG_WARN_CONSTANT_CONVERSION = YES;
				CLANG_WARN_DIRECT_OBJC_ISA_USAGE = YES_ERROR;
				CLANG_WARN_EMPTY_BODY = YES;
				CLANG_WARN_ENUM_CONVERSION = YES;
				CLANG_WARN_INFINITE_RECURSION = YES;
				CLANG_WARN_INT_CONVERSION = YES;
				CLANG_WARN_NON_LITERAL_NULL_CONVERSION = YES;
				CLANG_WARN_OBJC_LITERAL_CONVERSION = YES;
				CLANG_WARN_OBJC_ROOT_CLASS = YES_ERROR;
				CLANG_WARN_RANGE_LOOP_ANALYSIS = YES;
				CLANG_WARN_STRICT_PROTOTYPES = YES;
				CLANG_WARN_SUSPICIOUS_MOVE = YES;
				CLANG_WARN_UNREACHABLE_CODE = YES;
				CLANG_WARN__DUPLICATE_METHOD_MATCH = YES;
				"CODE_SIGN_IDENTITY[sdk=iphoneos*]" = "iPhone Developer";
				COPY_PHASE_STRIP = NO;
				DEBUG_INFORMATION_FORMAT = dwarf;
				ENABLE_STRICT_OBJC_MSGSEND = YES;
				ENABLE_TESTABILITY = YES;
				GCC_C_LANGUAGE_STANDARD = gnu99;
				GCC_DYNAMIC_NO_PIC = NO;
				GCC_NO_COMMON_BLOCKS = YES;
				GCC_OPTIMIZATION_LEVEL = 0;
				GCC_PREPROCESSOR_DEFINITIONS = (
					"DEBUG=1",
					"$(inherited)",
				);
				GCC_WARN_64_TO_32_BIT_CONVERSION = YES;
				GCC_WARN_ABOUT_RETURN_TYPE = YES_ERROR;
				GCC_WARN_UNDECLARED_SELECTOR = YES;
				GCC_WARN_UNINITIALIZED_AUTOS = YES_AGGRESSIVE;
				GCC_WARN_UNUSED_FUNCTION = YES;
				GCC_WARN_UNUSED_VARIABLE = YES;
				IPHONEOS_DEPLOYMENT_TARGET = 9.0;
				MTL_ENABLE_DEBUG_INFO = YES;
				ONLY_ACTIVE_ARCH = YES;
				SDKROOT = iphoneos;
				SWIFT_OPTIMIZATION_LEVEL = "-Onone";
			};
			name = Debug;
		};
		7552DFB11D013A750032ECFA /* Release */ = {
			isa = XCBuildConfiguration;
			buildSettings = {
				ALWAYS_SEARCH_USER_PATHS = NO;
				CLANG_ANALYZER_NONNULL = YES;
				CLANG_CXX_LANGUAGE_STANDARD = "gnu++0x";
				CLANG_CXX_LIBRARY = "libc++";
				CLANG_ENABLE_MODULES = YES;
				CLANG_ENABLE_OBJC_ARC = YES;
				CLANG_WARN_BLOCK_CAPTURE_AUTORELEASING = YES;
				CLANG_WARN_BOOL_CONVERSION = YES;
				CLANG_WARN_COMMA = YES;
				CLANG_WARN_CONSTANT_CONVERSION = YES;
				CLANG_WARN_DIRECT_OBJC_ISA_USAGE = YES_ERROR;
				CLANG_WARN_EMPTY_BODY = YES;
				CLANG_WARN_ENUM_CONVERSION = YES;
				CLANG_WARN_INFINITE_RECURSION = YES;
				CLANG_WARN_INT_CONVERSION = YES;
				CLANG_WARN_NON_LITERAL_NULL_CONVERSION = YES;
				CLANG_WARN_OBJC_LITERAL_CONVERSION = YES;
				CLANG_WARN_OBJC_ROOT_CLASS = YES_ERROR;
				CLANG_WARN_RANGE_LOOP_ANALYSIS = YES;
				CLANG_WARN_STRICT_PROTOTYPES = YES;
				CLANG_WARN_SUSPICIOUS_MOVE = YES;
				CLANG_WARN_UNREACHABLE_CODE = YES;
				CLANG_WARN__DUPLICATE_METHOD_MATCH = YES;
				"CODE_SIGN_IDENTITY[sdk=iphoneos*]" = "iPhone Developer";
				COPY_PHASE_STRIP = NO;
				DEBUG_INFORMATION_FORMAT = "dwarf-with-dsym";
				ENABLE_NS_ASSERTIONS = NO;
				ENABLE_STRICT_OBJC_MSGSEND = YES;
				GCC_C_LANGUAGE_STANDARD = gnu99;
				GCC_NO_COMMON_BLOCKS = YES;
				GCC_WARN_64_TO_32_BIT_CONVERSION = YES;
				GCC_WARN_ABOUT_RETURN_TYPE = YES_ERROR;
				GCC_WARN_UNDECLARED_SELECTOR = YES;
				GCC_WARN_UNINITIALIZED_AUTOS = YES_AGGRESSIVE;
				GCC_WARN_UNUSED_FUNCTION = YES;
				GCC_WARN_UNUSED_VARIABLE = YES;
				IPHONEOS_DEPLOYMENT_TARGET = 9.0;
				MTL_ENABLE_DEBUG_INFO = NO;
				SDKROOT = iphoneos;
				SWIFT_OPTIMIZATION_LEVEL = "-Owholemodule";
				VALIDATE_PRODUCT = YES;
			};
			name = Release;
		};
		7552DFB31D013A750032ECFA /* Debug */ = {
			isa = XCBuildConfiguration;
			baseConfigurationReference = F48ED7B664C4DBC8E5EE12FF /* Pods-Tagger.debug.xcconfig */;
			buildSettings = {
				ASSETCATALOG_COMPILER_APPICON_NAME = AppIcon;
				CLANG_ENABLE_MODULES = YES;
				CODE_SIGN_IDENTITY = "iPhone Developer";
				"CODE_SIGN_IDENTITY[sdk=iphoneos*]" = "iPhone Developer";
				CODE_SIGN_STYLE = Manual;
				DEVELOPMENT_TEAM = 6UNHY8UY6E;
				INFOPLIST_FILE = "$(SRCROOT)/Tagger/Resources/Config/Info.plist";
				IPHONEOS_DEPLOYMENT_TARGET = 9.0;
				LD_RUNPATH_SEARCH_PATHS = "$(inherited) @executable_path/Frameworks";
				PRODUCT_BUNDLE_IDENTIFIER = com.ivanmagda.TaggerApp;
				PRODUCT_NAME = "$(TARGET_NAME)";
				PROVISIONING_PROFILE = "e2d33c18-8801-4ac7-88c8-62be27cfa47b";
				PROVISIONING_PROFILE_SPECIFIER = TaggerDevelopment;
				SWIFT_OBJC_BRIDGING_HEADER = "Tagger/Resources/Config/Tagger-Bridging-Header.h";
				SWIFT_OPTIMIZATION_LEVEL = "-Onone";
				SWIFT_VERSION = 4.0;
			};
			name = Debug;
		};
		7552DFB41D013A750032ECFA /* Release */ = {
			isa = XCBuildConfiguration;
			baseConfigurationReference = 65A7249A7666A9DB189642BB /* Pods-Tagger.release.xcconfig */;
			buildSettings = {
				ASSETCATALOG_COMPILER_APPICON_NAME = AppIcon;
				CLANG_ENABLE_MODULES = YES;
				CODE_SIGN_IDENTITY = "iPhone Distribution";
				"CODE_SIGN_IDENTITY[sdk=iphoneos*]" = "iPhone Distribution";
				CODE_SIGN_STYLE = Manual;
				DEVELOPMENT_TEAM = 6UNHY8UY6E;
				INFOPLIST_FILE = "$(SRCROOT)/Tagger/Resources/Config/Info.plist";
				IPHONEOS_DEPLOYMENT_TARGET = 9.0;
				LD_RUNPATH_SEARCH_PATHS = "$(inherited) @executable_path/Frameworks";
				PRODUCT_BUNDLE_IDENTIFIER = com.ivanmagda.TaggerApp;
				PRODUCT_NAME = "$(TARGET_NAME)";
				PROVISIONING_PROFILE = "1b3d5c64-ed0a-4993-848a-d2d9b00e7180";
				PROVISIONING_PROFILE_SPECIFIER = TaggerDistribution;
				SWIFT_OBJC_BRIDGING_HEADER = "Tagger/Resources/Config/Tagger-Bridging-Header.h";
				SWIFT_VERSION = 4.0;
			};
			name = Release;
		};
		7552DFB61D013A750032ECFA /* Debug */ = {
			isa = XCBuildConfiguration;
			buildSettings = {
				BUNDLE_LOADER = "$(TEST_HOST)";
				INFOPLIST_FILE = TaggerTests/Info.plist;
				LD_RUNPATH_SEARCH_PATHS = "$(inherited) @executable_path/Frameworks @loader_path/Frameworks";
				PRODUCT_BUNDLE_IDENTIFIER = com.ivanmagda.TaggerTests;
				PRODUCT_NAME = "$(TARGET_NAME)";
				SWIFT_VERSION = 4.0;
				TEST_HOST = "$(BUILT_PRODUCTS_DIR)/Tagger.app/Tagger";
			};
			name = Debug;
		};
		7552DFB71D013A750032ECFA /* Release */ = {
			isa = XCBuildConfiguration;
			buildSettings = {
				BUNDLE_LOADER = "$(TEST_HOST)";
				INFOPLIST_FILE = TaggerTests/Info.plist;
				LD_RUNPATH_SEARCH_PATHS = "$(inherited) @executable_path/Frameworks @loader_path/Frameworks";
				PRODUCT_BUNDLE_IDENTIFIER = com.ivanmagda.TaggerTests;
				PRODUCT_NAME = "$(TARGET_NAME)";
				SWIFT_VERSION = 4.0;
				TEST_HOST = "$(BUILT_PRODUCTS_DIR)/Tagger.app/Tagger";
			};
			name = Release;
		};
		7552DFB91D013A750032ECFA /* Debug */ = {
			isa = XCBuildConfiguration;
			buildSettings = {
				INFOPLIST_FILE = TaggerUITests/Info.plist;
				LD_RUNPATH_SEARCH_PATHS = "$(inherited) @executable_path/Frameworks @loader_path/Frameworks";
				PRODUCT_BUNDLE_IDENTIFIER = com.ivanmagda.TaggerUITests;
				PRODUCT_NAME = "$(TARGET_NAME)";
				SWIFT_VERSION = 4.0;
				TEST_TARGET_NAME = Tagger;
			};
			name = Debug;
		};
		7552DFBA1D013A750032ECFA /* Release */ = {
			isa = XCBuildConfiguration;
			buildSettings = {
				INFOPLIST_FILE = TaggerUITests/Info.plist;
				LD_RUNPATH_SEARCH_PATHS = "$(inherited) @executable_path/Frameworks @loader_path/Frameworks";
				PRODUCT_BUNDLE_IDENTIFIER = com.ivanmagda.TaggerUITests;
				PRODUCT_NAME = "$(TARGET_NAME)";
				SWIFT_VERSION = 4.0;
				TEST_TARGET_NAME = Tagger;
			};
			name = Release;
		};
/* End XCBuildConfiguration section */

/* Begin XCConfigurationList section */
		7552DF851D013A740032ECFA /* Build configuration list for PBXProject "Tagger" */ = {
			isa = XCConfigurationList;
			buildConfigurations = (
				7552DFB01D013A750032ECFA /* Debug */,
				7552DFB11D013A750032ECFA /* Release */,
			);
			defaultConfigurationIsVisible = 0;
			defaultConfigurationName = Release;
		};
		7552DFB21D013A750032ECFA /* Build configuration list for PBXNativeTarget "Tagger" */ = {
			isa = XCConfigurationList;
			buildConfigurations = (
				7552DFB31D013A750032ECFA /* Debug */,
				7552DFB41D013A750032ECFA /* Release */,
			);
			defaultConfigurationIsVisible = 0;
			defaultConfigurationName = Release;
		};
		7552DFB51D013A750032ECFA /* Build configuration list for PBXNativeTarget "TaggerTests" */ = {
			isa = XCConfigurationList;
			buildConfigurations = (
				7552DFB61D013A750032ECFA /* Debug */,
				7552DFB71D013A750032ECFA /* Release */,
			);
			defaultConfigurationIsVisible = 0;
			defaultConfigurationName = Release;
		};
		7552DFB81D013A750032ECFA /* Build configuration list for PBXNativeTarget "TaggerUITests" */ = {
			isa = XCConfigurationList;
			buildConfigurations = (
				7552DFB91D013A750032ECFA /* Debug */,
				7552DFBA1D013A750032ECFA /* Release */,
			);
			defaultConfigurationIsVisible = 0;
			defaultConfigurationName = Release;
		};
/* End XCConfigurationList section */

/* Begin XCVersionGroup section */
		7571F3851D23953B00402518 /* Tagger.xcdatamodeld */ = {
			isa = XCVersionGroup;
			children = (
				7571F3861D23953B00402518 /* Tagger.xcdatamodel */,
			);
			currentVersion = 7571F3861D23953B00402518 /* Tagger.xcdatamodel */;
			path = Tagger.xcdatamodeld;
			sourceTree = "<group>";
			versionGroupType = wrapper.xcdatamodel;
		};
/* End XCVersionGroup section */
	};
	rootObject = 7552DF821D013A740032ECFA /* Project object */;
}
